// !$*UTF8*$!
{
	archiveVersion = 1;
	classes = {
	};
	objectVersion = 50;
	objects = {

/* Begin PBXBuildFile section */
		8A08AD10253999110078DE66 /* GoogleMaps.bundle in Resources */ = {isa = PBXBuildFile; fileRef = 8A08AD0F253999110078DE66 /* GoogleMaps.bundle */; };
		8A08AD552539996C0078DE66 /* GooglePlaces.bundle in Resources */ = {isa = PBXBuildFile; fileRef = 8A08AD542539996C0078DE66 /* GooglePlaces.bundle */; };
		8A08AD65253999DB0078DE66 /* QuartzCore.framework in Frameworks */ = {isa = PBXBuildFile; fileRef = 8A66415C2539834F000E9321 /* QuartzCore.framework */; };
		8A66400025397D6F000E9321 /* GMSDeprecationMacros.h in Headers */ = {isa = PBXBuildFile; fileRef = 8A663FFA25397D6F000E9321 /* GMSDeprecationMacros.h */; settings = {ATTRIBUTES = (Public, ); }; };
		8A66400125397D6F000E9321 /* GoogleMapsBase.h in Headers */ = {isa = PBXBuildFile; fileRef = 8A663FFB25397D6F000E9321 /* GoogleMapsBase.h */; settings = {ATTRIBUTES = (Public, ); }; };
		8A66400225397D6F000E9321 /* GMSCompatabilityMacros.h in Headers */ = {isa = PBXBuildFile; fileRef = 8A663FFC25397D6F000E9321 /* GMSCompatabilityMacros.h */; settings = {ATTRIBUTES = (Public, ); }; };
		8A66400325397D6F000E9321 /* GMSCoordinateBounds.h in Headers */ = {isa = PBXBuildFile; fileRef = 8A663FFD25397D6F000E9321 /* GMSCoordinateBounds.h */; settings = {ATTRIBUTES = (Public, ); }; };
		8A66401725397D90000E9321 /* GoogleMaps.h in Headers */ = {isa = PBXBuildFile; fileRef = 8A66401325397D90000E9321 /* GoogleMaps.h */; settings = {ATTRIBUTES = (Public, ); }; };
		8A66408B25397EC3000E9321 /* GoogleMapsBase in Frameworks */ = {isa = PBXBuildFile; fileRef = 8A663FF225397D68000E9321 /* GoogleMapsBase */; };
		8A66409625397EF2000E9321 /* GoogleMapsM4B in Frameworks */ = {isa = PBXBuildFile; fileRef = 8A66401625397D90000E9321 /* GoogleMapsM4B */; };
		8A6640A125397EFE000E9321 /* GooglePlaces in Frameworks */ = {isa = PBXBuildFile; fileRef = 8A66403925397DA0000E9321 /* GooglePlaces */; };
		8A6640BB253980A2000E9321 /* GoogleMapsBase.framework in Frameworks */ = {isa = PBXBuildFile; fileRef = 8A8C8EFC25387A3E00F5C247 /* GoogleMapsBase.framework */; };
		8A6640EE2539820E000E9321 /* GoogleMaps in Frameworks */ = {isa = PBXBuildFile; fileRef = 8A663F7D25397CE4000E9321 /* GoogleMaps */; };
		8A66410A2539826E000E9321 /* GoogleMapsCore in Frameworks */ = {isa = PBXBuildFile; fileRef = 8A66400B25397D7D000E9321 /* GoogleMapsCore */; };
		8A6641112539828D000E9321 /* Foundation.framework in Frameworks */ = {isa = PBXBuildFile; fileRef = 8A6641102539828D000E9321 /* Foundation.framework */; };
		8A664117253982B6000E9321 /* Foundation.framework in Frameworks */ = {isa = PBXBuildFile; fileRef = 8A6641102539828D000E9321 /* Foundation.framework */; };
		8A66411E253982C0000E9321 /* UIKit.framework in Frameworks */ = {isa = PBXBuildFile; fileRef = 8A66411D253982C0000E9321 /* UIKit.framework */; };
		8A664125253982D1000E9321 /* CoreGraphics.framework in Frameworks */ = {isa = PBXBuildFile; fileRef = 8A664124253982D0000E9321 /* CoreGraphics.framework */; };
		8A664127253982D9000E9321 /* CoreLocation.framework in Frameworks */ = {isa = PBXBuildFile; fileRef = 8A664126253982D9000E9321 /* CoreLocation.framework */; };
		8A664135253982F1000E9321 /* CoreTelephony.framework in Frameworks */ = {isa = PBXBuildFile; fileRef = 8A664134253982F1000E9321 /* CoreTelephony.framework */; };
		8A66413C253982FB000E9321 /* Security.framework in Frameworks */ = {isa = PBXBuildFile; fileRef = 8A66413B253982FB000E9321 /* Security.framework */; };
		8A66413E25398302000E9321 /* CoreText.framework in Frameworks */ = {isa = PBXBuildFile; fileRef = 8A66413D25398302000E9321 /* CoreText.framework */; };
		8A66414925398310000E9321 /* libc++.tbd in Frameworks */ = {isa = PBXBuildFile; fileRef = 8A66412D253982E8000E9321 /* libc++.tbd */; };
		8A66415025398315000E9321 /* libz.tbd in Frameworks */ = {isa = PBXBuildFile; fileRef = 8A66414F25398315000E9321 /* libz.tbd */; };
		8A66415625398342000E9321 /* UIKit.framework in Frameworks */ = {isa = PBXBuildFile; fileRef = 8A66411D253982C0000E9321 /* UIKit.framework */; };
		8A66416925398367000E9321 /* CoreGraphics.framework in Frameworks */ = {isa = PBXBuildFile; fileRef = 8A664124253982D0000E9321 /* CoreGraphics.framework */; };
		8A66417025398371000E9321 /* GLKit.framework in Frameworks */ = {isa = PBXBuildFile; fileRef = 8A66416F25398371000E9321 /* GLKit.framework */; };
		8A66417125398376000E9321 /* CoreText.framework in Frameworks */ = {isa = PBXBuildFile; fileRef = 8A66413D25398302000E9321 /* CoreText.framework */; };
		8A66417825398383000E9321 /* OpenGLES.framework in Frameworks */ = {isa = PBXBuildFile; fileRef = 8A66417725398383000E9321 /* OpenGLES.framework */; };
		8A66417F2539838B000E9321 /* CoreData.framework in Frameworks */ = {isa = PBXBuildFile; fileRef = 8A66417E2539838B000E9321 /* CoreData.framework */; };
		8A66418625398396000E9321 /* CoreTelephony.framework in Frameworks */ = {isa = PBXBuildFile; fileRef = 8A664134253982F1000E9321 /* CoreTelephony.framework */; };
		8A6641872539839E000E9321 /* CoreLocation.framework in Frameworks */ = {isa = PBXBuildFile; fileRef = 8A664126253982D9000E9321 /* CoreLocation.framework */; };
		8A66418E253983AA000E9321 /* SystemConfiguration.framework in Frameworks */ = {isa = PBXBuildFile; fileRef = 8A66418D253983AA000E9321 /* SystemConfiguration.framework */; };
		8A6641B2253983ED000E9321 /* ImageIO.framework in Frameworks */ = {isa = PBXBuildFile; fileRef = 8A66418F253983B1000E9321 /* ImageIO.framework */; };
		8A6641B8253983F6000E9321 /* QuartzCore.framework in Frameworks */ = {isa = PBXBuildFile; fileRef = 8A66415C2539834F000E9321 /* QuartzCore.framework */; };
		8A6641BE25398406000E9321 /* CoreImage.framework in Frameworks */ = {isa = PBXBuildFile; fileRef = 8A664196253983BC000E9321 /* CoreImage.framework */; };
		8A6641CE25398410000E9321 /* libc++.tbd in Frameworks */ = {isa = PBXBuildFile; fileRef = 8A66412D253982E8000E9321 /* libc++.tbd */; };
		8A6641D425398415000E9321 /* libz.tbd in Frameworks */ = {isa = PBXBuildFile; fileRef = 8A66414F25398315000E9321 /* libz.tbd */; };
		8A6641DA2539842E000E9321 /* GoogleMapsBase.framework in Frameworks */ = {isa = PBXBuildFile; fileRef = 8A8C8EFC25387A3E00F5C247 /* GoogleMapsBase.framework */; };
		8A6641E125398442000E9321 /* Foundation.framework in Frameworks */ = {isa = PBXBuildFile; fileRef = 8A6641102539828D000E9321 /* Foundation.framework */; };
		8A6641E225398447000E9321 /* UIKit.framework in Frameworks */ = {isa = PBXBuildFile; fileRef = 8A66411D253982C0000E9321 /* UIKit.framework */; };
		8A6641E825398452000E9321 /* CoreGraphics.framework in Frameworks */ = {isa = PBXBuildFile; fileRef = 8A664124253982D0000E9321 /* CoreGraphics.framework */; };
		8A6641F425398461000E9321 /* CoreLocation.framework in Frameworks */ = {isa = PBXBuildFile; fileRef = 8A664126253982D9000E9321 /* CoreLocation.framework */; };
		8A6641FA25398472000E9321 /* QuartzCore.framework in Frameworks */ = {isa = PBXBuildFile; fileRef = 8A66415C2539834F000E9321 /* QuartzCore.framework */; };
		8A6642052539847A000E9321 /* libc++.tbd in Frameworks */ = {isa = PBXBuildFile; fileRef = 8A66412D253982E8000E9321 /* libc++.tbd */; };
		8A66421625398491000E9321 /* Foundation.framework in Frameworks */ = {isa = PBXBuildFile; fileRef = 8A6641102539828D000E9321 /* Foundation.framework */; };
		8A66421725398499000E9321 /* libc++.tbd in Frameworks */ = {isa = PBXBuildFile; fileRef = 8A66412D253982E8000E9321 /* libc++.tbd */; };
		8A6DC50627834B6A00F9553C /* GMSMarkerAnimation.h in Headers */ = {isa = PBXBuildFile; fileRef = 8A6DC50527834B6A00F9553C /* GMSMarkerAnimation.h */; settings = {ATTRIBUTES = (Public, ); }; };
		8A7107D926525FB000C2AD24 /* Security.framework in Frameworks */ = {isa = PBXBuildFile; fileRef = 8A66413B253982FB000E9321 /* Security.framework */; };
		8A7107DA26525FC000C2AD24 /* libz.tbd in Frameworks */ = {isa = PBXBuildFile; fileRef = 8A66414F25398315000E9321 /* libz.tbd */; };
		8A71080E26526A9000C2AD24 /* GMSIndoorBuilding.h in Headers */ = {isa = PBXBuildFile; fileRef = 8A7107DD26526A8E00C2AD24 /* GMSIndoorBuilding.h */; settings = {ATTRIBUTES = (Public, ); }; };
		8A71080F26526A9000C2AD24 /* GMSGroundOverlay.h in Headers */ = {isa = PBXBuildFile; fileRef = 8A7107DE26526A8E00C2AD24 /* GMSGroundOverlay.h */; settings = {ATTRIBUTES = (Public, ); }; };
		8A71081026526A9000C2AD24 /* GMSGeometryUtils.h in Headers */ = {isa = PBXBuildFile; fileRef = 8A7107DF26526A8E00C2AD24 /* GMSGeometryUtils.h */; settings = {ATTRIBUTES = (Public, ); }; };
		8A71081126526A9000C2AD24 /* GMSOverlay.h in Headers */ = {isa = PBXBuildFile; fileRef = 8A7107E026526A8E00C2AD24 /* GMSOverlay.h */; settings = {ATTRIBUTES = (Public, ); }; };
		8A71081326526A9000C2AD24 /* GMSStyleSpan.h in Headers */ = {isa = PBXBuildFile; fileRef = 8A7107E226526A8E00C2AD24 /* GMSStyleSpan.h */; settings = {ATTRIBUTES = (Public, ); }; };
		8A71081426526A9000C2AD24 /* GMSCameraUpdate.h in Headers */ = {isa = PBXBuildFile; fileRef = 8A7107E326526A8E00C2AD24 /* GMSCameraUpdate.h */; settings = {ATTRIBUTES = (Public, ); }; };
		8A71081526526A9000C2AD24 /* GMSMapView+Premium.h in Headers */ = {isa = PBXBuildFile; fileRef = 8A7107E426526A8E00C2AD24 /* GMSMapView+Premium.h */; settings = {ATTRIBUTES = (Public, ); }; };
		8A71081626526A9000C2AD24 /* GMSPolyline.h in Headers */ = {isa = PBXBuildFile; fileRef = 8A7107E526526A8E00C2AD24 /* GMSPolyline.h */; settings = {ATTRIBUTES = (Public, ); }; };
		8A71081726526A9000C2AD24 /* GMSMapID+Premium.h in Headers */ = {isa = PBXBuildFile; fileRef = 8A7107E626526A8E00C2AD24 /* GMSMapID+Premium.h */; settings = {ATTRIBUTES = (Public, ); }; };
		8A71081826526A9000C2AD24 /* GMSPanoramaView.h in Headers */ = {isa = PBXBuildFile; fileRef = 8A7107E726526A8F00C2AD24 /* GMSPanoramaView.h */; settings = {ATTRIBUTES = (Public, ); }; };
		8A71081926526A9000C2AD24 /* GMSOrientation.h in Headers */ = {isa = PBXBuildFile; fileRef = 8A7107E826526A8F00C2AD24 /* GMSOrientation.h */; settings = {ATTRIBUTES = (Public, ); }; };
		8A71081A26526A9000C2AD24 /* GMSMutablePath.h in Headers */ = {isa = PBXBuildFile; fileRef = 8A7107E926526A8F00C2AD24 /* GMSMutablePath.h */; settings = {ATTRIBUTES = (Public, ); }; };
		8A71081B26526A9000C2AD24 /* GoogleMaps.h in Headers */ = {isa = PBXBuildFile; fileRef = 8A7107EA26526A8F00C2AD24 /* GoogleMaps.h */; settings = {ATTRIBUTES = (Public, ); }; };
		8A71081C26526A9000C2AD24 /* GMSTileLayer.h in Headers */ = {isa = PBXBuildFile; fileRef = 8A7107EB26526A8F00C2AD24 /* GMSTileLayer.h */; settings = {ATTRIBUTES = (Public, ); }; };
		8A71081D26526A9000C2AD24 /* GMSAddress.h in Headers */ = {isa = PBXBuildFile; fileRef = 8A7107EC26526A8F00C2AD24 /* GMSAddress.h */; settings = {ATTRIBUTES = (Public, ); }; };
		8A71081E26526A9000C2AD24 /* GMSStrokeStyle.h in Headers */ = {isa = PBXBuildFile; fileRef = 8A7107ED26526A8F00C2AD24 /* GMSStrokeStyle.h */; settings = {ATTRIBUTES = (Public, ); }; };
		8A71081F26526A9000C2AD24 /* GMSPanoramaCamera.h in Headers */ = {isa = PBXBuildFile; fileRef = 8A7107EE26526A8F00C2AD24 /* GMSPanoramaCamera.h */; settings = {ATTRIBUTES = (Public, ); }; };
		8A71082026526A9000C2AD24 /* GMSMapView+Animation.h in Headers */ = {isa = PBXBuildFile; fileRef = 8A7107EF26526A8F00C2AD24 /* GMSMapView+Animation.h */; settings = {ATTRIBUTES = (Public, ); }; };
		8A71082126526A9000C2AD24 /* GMSPath.h in Headers */ = {isa = PBXBuildFile; fileRef = 8A7107F026526A8F00C2AD24 /* GMSPath.h */; settings = {ATTRIBUTES = (Public, ); }; };
		8A71082226526A9000C2AD24 /* GMSPolygonLayer.h in Headers */ = {isa = PBXBuildFile; fileRef = 8A7107F126526A8F00C2AD24 /* GMSPolygonLayer.h */; settings = {ATTRIBUTES = (Public, ); }; };
		8A71082326526A9000C2AD24 /* GMSPanoramaService.h in Headers */ = {isa = PBXBuildFile; fileRef = 8A7107F226526A8F00C2AD24 /* GMSPanoramaService.h */; settings = {ATTRIBUTES = (Public, ); }; };
		8A71082426526A9000C2AD24 /* GMSCircle.h in Headers */ = {isa = PBXBuildFile; fileRef = 8A7107F326526A8F00C2AD24 /* GMSCircle.h */; settings = {ATTRIBUTES = (Public, ); }; };
		8A71082526526A9000C2AD24 /* GMSMapStyle.h in Headers */ = {isa = PBXBuildFile; fileRef = 8A7107F426526A8F00C2AD24 /* GMSMapStyle.h */; settings = {ATTRIBUTES = (Public, ); }; };
		8A71082626526A9000C2AD24 /* GMSMapLayer.h in Headers */ = {isa = PBXBuildFile; fileRef = 8A7107F526526A8F00C2AD24 /* GMSMapLayer.h */; settings = {ATTRIBUTES = (Public, ); }; };
		8A71082726526A9000C2AD24 /* GMSPanorama.h in Headers */ = {isa = PBXBuildFile; fileRef = 8A7107F626526A8F00C2AD24 /* GMSPanorama.h */; settings = {ATTRIBUTES = (Public, ); }; };
		8A71082926526A9000C2AD24 /* GMSPanoramaSource.h in Headers */ = {isa = PBXBuildFile; fileRef = 8A7107F826526A8F00C2AD24 /* GMSPanoramaSource.h */; settings = {ATTRIBUTES = (Public, ); }; };
		8A71082A26526A9000C2AD24 /* GMSIndoorLevel.h in Headers */ = {isa = PBXBuildFile; fileRef = 8A7107F926526A8F00C2AD24 /* GMSIndoorLevel.h */; settings = {ATTRIBUTES = (Public, ); }; };
		8A71082B26526A9000C2AD24 /* GMSServices.h in Headers */ = {isa = PBXBuildFile; fileRef = 8A7107FA26526A8F00C2AD24 /* GMSServices.h */; settings = {ATTRIBUTES = (Public, ); }; };
		8A71082C26526A9000C2AD24 /* GMSCoordinateBounds+GoogleMaps.h in Headers */ = {isa = PBXBuildFile; fileRef = 8A7107FB26526A8F00C2AD24 /* GMSCoordinateBounds+GoogleMaps.h */; settings = {ATTRIBUTES = (Public, ); }; };
		8A71082E26526A9000C2AD24 /* GMSUISettings.h in Headers */ = {isa = PBXBuildFile; fileRef = 8A7107FD26526A8F00C2AD24 /* GMSUISettings.h */; settings = {ATTRIBUTES = (Public, ); }; };
		8A71082F26526A9000C2AD24 /* GMSGeocoder.h in Headers */ = {isa = PBXBuildFile; fileRef = 8A7107FE26526A8F00C2AD24 /* GMSGeocoder.h */; settings = {ATTRIBUTES = (Public, ); }; };
		8A71083026526A9000C2AD24 /* GMSCameraPosition.h in Headers */ = {isa = PBXBuildFile; fileRef = 8A7107FF26526A8F00C2AD24 /* GMSCameraPosition.h */; settings = {ATTRIBUTES = (Public, ); }; };
		8A71083126526A9000C2AD24 /* GMSMarker.h in Headers */ = {isa = PBXBuildFile; fileRef = 8A71080026526A8F00C2AD24 /* GMSMarker.h */; settings = {ATTRIBUTES = (Public, ); }; };
		8A71083226526A9000C2AD24 /* GMSMarkerLayer.h in Headers */ = {isa = PBXBuildFile; fileRef = 8A71080126526A8F00C2AD24 /* GMSMarkerLayer.h */; settings = {ATTRIBUTES = (Public, ); }; };
		8A71083326526A9000C2AD24 /* GMSIndoorDisplay.h in Headers */ = {isa = PBXBuildFile; fileRef = 8A71080226526A8F00C2AD24 /* GMSIndoorDisplay.h */; settings = {ATTRIBUTES = (Public, ); }; };
		8A71083426526A9000C2AD24 /* GMSSyncTileLayer.h in Headers */ = {isa = PBXBuildFile; fileRef = 8A71080326526A8F00C2AD24 /* GMSSyncTileLayer.h */; settings = {ATTRIBUTES = (Public, ); }; };
		8A71083526526A9000C2AD24 /* GMSProjection.h in Headers */ = {isa = PBXBuildFile; fileRef = 8A71080426526A8F00C2AD24 /* GMSProjection.h */; settings = {ATTRIBUTES = (Public, ); }; };
		8A71083626526A9000C2AD24 /* GMSURLTileLayer.h in Headers */ = {isa = PBXBuildFile; fileRef = 8A71080526526A8F00C2AD24 /* GMSURLTileLayer.h */; settings = {ATTRIBUTES = (Public, ); }; };
		8A71083726526A9000C2AD24 /* GMSPanoramaLink.h in Headers */ = {isa = PBXBuildFile; fileRef = 8A71080626526A8F00C2AD24 /* GMSPanoramaLink.h */; settings = {ATTRIBUTES = (Public, ); }; };
		8A71083826526A9000C2AD24 /* GMSPanoramaLayer.h in Headers */ = {isa = PBXBuildFile; fileRef = 8A71080726526A8F00C2AD24 /* GMSPanoramaLayer.h */; settings = {ATTRIBUTES = (Public, ); }; };
		8A71083926526A9000C2AD24 /* GMSAccessibilityLabels.h in Headers */ = {isa = PBXBuildFile; fileRef = 8A71080826526A8F00C2AD24 /* GMSAccessibilityLabels.h */; settings = {ATTRIBUTES = (Public, ); }; };
		8A71083A26526A9000C2AD24 /* GMSPolygon.h in Headers */ = {isa = PBXBuildFile; fileRef = 8A71080926526A9000C2AD24 /* GMSPolygon.h */; settings = {ATTRIBUTES = (Public, ); }; };
		8A71083B26526A9000C2AD24 /* GMSPanoramaCameraUpdate.h in Headers */ = {isa = PBXBuildFile; fileRef = 8A71080A26526A9000C2AD24 /* GMSPanoramaCameraUpdate.h */; settings = {ATTRIBUTES = (Public, ); }; };
		8A71083C26526A9000C2AD24 /* GMSMapView.h in Headers */ = {isa = PBXBuildFile; fileRef = 8A71080B26526A9000C2AD24 /* GMSMapView.h */; settings = {ATTRIBUTES = (Public, ); }; };
		8A71083D26526A9000C2AD24 /* GMSOverlayLayer.h in Headers */ = {isa = PBXBuildFile; fileRef = 8A71080C26526A9000C2AD24 /* GMSOverlayLayer.h */; settings = {ATTRIBUTES = (Public, ); }; };
		8A71083E26526A9000C2AD24 /* GMSCALayer.h in Headers */ = {isa = PBXBuildFile; fileRef = 8A71080D26526A9000C2AD24 /* GMSCALayer.h */; settings = {ATTRIBUTES = (Public, ); }; };
		8A71085726526AE900C2AD24 /* GooglePlaces.h in Headers */ = {isa = PBXBuildFile; fileRef = 8A71083F26526AE800C2AD24 /* GooglePlaces.h */; settings = {ATTRIBUTES = (Public, ); }; };
		8A71085826526AE900C2AD24 /* GMSPlacesDeprecationUtils.h in Headers */ = {isa = PBXBuildFile; fileRef = 8A71084026526AE800C2AD24 /* GMSPlacesDeprecationUtils.h */; settings = {ATTRIBUTES = (Public, ); }; };
		8A71085926526AE900C2AD24 /* GMSPlaceLocationOptions.h in Headers */ = {isa = PBXBuildFile; fileRef = 8A71084126526AE900C2AD24 /* GMSPlaceLocationOptions.h */; settings = {ATTRIBUTES = (Public, ); }; };
		8A71085A26526AE900C2AD24 /* GMSPlusCode.h in Headers */ = {isa = PBXBuildFile; fileRef = 8A71084226526AE900C2AD24 /* GMSPlusCode.h */; settings = {ATTRIBUTES = (Public, ); }; };
		8A71085B26526AE900C2AD24 /* GMSPlaceViewportInfo.h in Headers */ = {isa = PBXBuildFile; fileRef = 8A71084326526AE900C2AD24 /* GMSPlaceViewportInfo.h */; settings = {ATTRIBUTES = (Public, ); }; };
		8A71085C26526AE900C2AD24 /* GMSAutocompletePrediction.h in Headers */ = {isa = PBXBuildFile; fileRef = 8A71084426526AE900C2AD24 /* GMSAutocompletePrediction.h */; settings = {ATTRIBUTES = (Public, ); }; };
		8A71085D26526AE900C2AD24 /* GMSAutocompleteFetcher.h in Headers */ = {isa = PBXBuildFile; fileRef = 8A71084526526AE900C2AD24 /* GMSAutocompleteFetcher.h */; settings = {ATTRIBUTES = (Public, ); }; };
		8A71085E26526AE900C2AD24 /* GMSAutocompleteSessionToken.h in Headers */ = {isa = PBXBuildFile; fileRef = 8A71084626526AE900C2AD24 /* GMSAutocompleteSessionToken.h */; settings = {ATTRIBUTES = (Public, ); }; };
		8A71085F26526AE900C2AD24 /* GMSAutocompleteTableDataSource.h in Headers */ = {isa = PBXBuildFile; fileRef = 8A71084726526AE900C2AD24 /* GMSAutocompleteTableDataSource.h */; settings = {ATTRIBUTES = (Public, ); }; };
		8A71086026526AE900C2AD24 /* GMSAutocompleteMatchFragment.h in Headers */ = {isa = PBXBuildFile; fileRef = 8A71084826526AE900C2AD24 /* GMSAutocompleteMatchFragment.h */; settings = {ATTRIBUTES = (Public, ); }; };
		8A71086126526AE900C2AD24 /* GMSPlaceLikelihoodList.h in Headers */ = {isa = PBXBuildFile; fileRef = 8A71084926526AE900C2AD24 /* GMSPlaceLikelihoodList.h */; settings = {ATTRIBUTES = (Public, ); }; };
		8A71086226526AE900C2AD24 /* GMSPlacePhotoMetadata.h in Headers */ = {isa = PBXBuildFile; fileRef = 8A71084A26526AE900C2AD24 /* GMSPlacePhotoMetadata.h */; settings = {ATTRIBUTES = (Public, ); }; };
		8A71086326526AE900C2AD24 /* GMSOpeningHours.h in Headers */ = {isa = PBXBuildFile; fileRef = 8A71084B26526AE900C2AD24 /* GMSOpeningHours.h */; settings = {ATTRIBUTES = (Public, ); }; };
		8A71086426526AE900C2AD24 /* GMSPlacePhotoMetadataList.h in Headers */ = {isa = PBXBuildFile; fileRef = 8A71084C26526AE900C2AD24 /* GMSPlacePhotoMetadataList.h */; settings = {ATTRIBUTES = (Public, ); }; };
		8A71086526526AE900C2AD24 /* GMSPlacesClient.h in Headers */ = {isa = PBXBuildFile; fileRef = 8A71084D26526AE900C2AD24 /* GMSPlacesClient.h */; settings = {ATTRIBUTES = (Public, ); }; };
		8A71086626526AE900C2AD24 /* GMSPlaceFieldMask.h in Headers */ = {isa = PBXBuildFile; fileRef = 8A71084E26526AE900C2AD24 /* GMSPlaceFieldMask.h */; settings = {ATTRIBUTES = (Public, ); }; };
		8A71086726526AE900C2AD24 /* GMSPlaceTypes.h in Headers */ = {isa = PBXBuildFile; fileRef = 8A71084F26526AE900C2AD24 /* GMSPlaceTypes.h */; settings = {ATTRIBUTES = (Public, ); }; };
		8A71086826526AE900C2AD24 /* GMSAutocompleteResultsViewController.h in Headers */ = {isa = PBXBuildFile; fileRef = 8A71085026526AE900C2AD24 /* GMSAutocompleteResultsViewController.h */; settings = {ATTRIBUTES = (Public, ); }; };
		8A71086926526AE900C2AD24 /* GMSAutocompleteFilter.h in Headers */ = {isa = PBXBuildFile; fileRef = 8A71085126526AE900C2AD24 /* GMSAutocompleteFilter.h */; settings = {ATTRIBUTES = (Public, ); }; };
		8A71086A26526AE900C2AD24 /* GMSAddressComponent.h in Headers */ = {isa = PBXBuildFile; fileRef = 8A71085226526AE900C2AD24 /* GMSAddressComponent.h */; settings = {ATTRIBUTES = (Public, ); }; };
		8A71086B26526AE900C2AD24 /* GMSPlace.h in Headers */ = {isa = PBXBuildFile; fileRef = 8A71085326526AE900C2AD24 /* GMSPlace.h */; settings = {ATTRIBUTES = (Public, ); }; };
		8A71086C26526AE900C2AD24 /* GMSPlaceLikelihood.h in Headers */ = {isa = PBXBuildFile; fileRef = 8A71085426526AE900C2AD24 /* GMSPlaceLikelihood.h */; settings = {ATTRIBUTES = (Public, ); }; };
		8A71086D26526AE900C2AD24 /* GMSAutocompleteViewController.h in Headers */ = {isa = PBXBuildFile; fileRef = 8A71085526526AE900C2AD24 /* GMSAutocompleteViewController.h */; settings = {ATTRIBUTES = (Public, ); }; };
		8A71086E26526AE900C2AD24 /* GMSPlacesErrors.h in Headers */ = {isa = PBXBuildFile; fileRef = 8A71085626526AE900C2AD24 /* GMSPlacesErrors.h */; settings = {ATTRIBUTES = (Public, ); }; };
		8A8B4E8F278317090014EB33 /* Metal.framework in Frameworks */ = {isa = PBXBuildFile; fileRef = 8A8B4E8E278317090014EB33 /* Metal.framework */; };
		8AD14F4F2783159400B1AB33 /* GMSStampStyle.h in Headers */ = {isa = PBXBuildFile; fileRef = 8AD14F4E2783159400B1AB33 /* GMSStampStyle.h */; settings = {ATTRIBUTES = (Public, ); }; };
/* End PBXBuildFile section */

/* Begin PBXContainerItemProxy section */
		8A6640D025398123000E9321 /* PBXContainerItemProxy */ = {
			isa = PBXContainerItemProxy;
			containerPortal = 8A8C8EE125387A0C00F5C247 /* Project object */;
			proxyType = 1;
			remoteGlobalIDString = 8A8C8EFB25387A3E00F5C247;
			remoteInfo = GoogleMapsBase;
		};
		8A6640D225398123000E9321 /* PBXContainerItemProxy */ = {
			isa = PBXContainerItemProxy;
			containerPortal = 8A8C8EE125387A0C00F5C247 /* Project object */;
			proxyType = 1;
			remoteGlobalIDString = 8A8C8F0A25387A4B00F5C247;
			remoteInfo = GoogleMapsCore;
		};
/* End PBXContainerItemProxy section */

/* Begin PBXFileReference section */
		8A08AD0F253999110078DE66 /* GoogleMaps.bundle */ = {isa = PBXFileReference; lastKnownFileType = "wrapper.plug-in"; path = GoogleMaps.bundle; sourceTree = "<group>"; };
		8A08AD542539996C0078DE66 /* GooglePlaces.bundle */ = {isa = PBXFileReference; lastKnownFileType = "wrapper.plug-in"; path = GooglePlaces.bundle; sourceTree = "<group>"; };
		8A663F7D25397CE4000E9321 /* GoogleMaps */ = {isa = PBXFileReference; fileEncoding = 4; lastKnownFileType = "compiled.mach-o.objfile"; name = GoogleMaps; path = ../Carthage/Build/iOS/GoogleMaps.framework/GoogleMaps; sourceTree = "<group>"; };
		8A663FE425397D2B000E9321 /* module.modulemap */ = {isa = PBXFileReference; fileEncoding = 4; lastKnownFileType = "sourcecode.module-map"; path = module.modulemap; sourceTree = "<group>"; };
		8A663FF225397D68000E9321 /* GoogleMapsBase */ = {isa = PBXFileReference; fileEncoding = 4; lastKnownFileType = "compiled.mach-o.objfile"; name = GoogleMapsBase; path = ../Carthage/Build/iOS/GoogleMapsBase.framework/GoogleMapsBase; sourceTree = "<group>"; };
		8A663FFA25397D6F000E9321 /* GMSDeprecationMacros.h */ = {isa = PBXFileReference; fileEncoding = 4; lastKnownFileType = sourcecode.c.h; path = GMSDeprecationMacros.h; sourceTree = "<group>"; };
		8A663FFB25397D6F000E9321 /* GoogleMapsBase.h */ = {isa = PBXFileReference; fileEncoding = 4; lastKnownFileType = sourcecode.c.h; path = GoogleMapsBase.h; sourceTree = "<group>"; };
		8A663FFC25397D6F000E9321 /* GMSCompatabilityMacros.h */ = {isa = PBXFileReference; fileEncoding = 4; lastKnownFileType = sourcecode.c.h; path = GMSCompatabilityMacros.h; sourceTree = "<group>"; };
		8A663FFD25397D6F000E9321 /* GMSCoordinateBounds.h */ = {isa = PBXFileReference; fileEncoding = 4; lastKnownFileType = sourcecode.c.h; path = GMSCoordinateBounds.h; sourceTree = "<group>"; };
		8A663FFF25397D6F000E9321 /* module.modulemap */ = {isa = PBXFileReference; fileEncoding = 4; lastKnownFileType = "sourcecode.module-map"; path = module.modulemap; sourceTree = "<group>"; };
		8A66400A25397D7D000E9321 /* module.modulemap */ = {isa = PBXFileReference; fileEncoding = 4; lastKnownFileType = "sourcecode.module-map"; path = module.modulemap; sourceTree = "<group>"; };
		8A66400B25397D7D000E9321 /* GoogleMapsCore */ = {isa = PBXFileReference; fileEncoding = 4; lastKnownFileType = "compiled.mach-o.objfile"; name = GoogleMapsCore; path = ../Carthage/Build/iOS/GoogleMapsCore.framework/GoogleMapsCore; sourceTree = "<group>"; };
		8A66401325397D90000E9321 /* GoogleMaps.h */ = {isa = PBXFileReference; fileEncoding = 4; lastKnownFileType = sourcecode.c.h; path = GoogleMaps.h; sourceTree = "<group>"; };
		8A66401525397D90000E9321 /* module.modulemap */ = {isa = PBXFileReference; fileEncoding = 4; lastKnownFileType = "sourcecode.module-map"; path = module.modulemap; sourceTree = "<group>"; };
		8A66401625397D90000E9321 /* GoogleMapsM4B */ = {isa = PBXFileReference; fileEncoding = 4; lastKnownFileType = "compiled.mach-o.objfile"; name = GoogleMapsM4B; path = ../Carthage/Build/iOS/GoogleMapsM4B.framework/GoogleMapsM4B; sourceTree = "<group>"; };
		8A66401F25397DA0000E9321 /* module.modulemap */ = {isa = PBXFileReference; fileEncoding = 4; lastKnownFileType = "sourcecode.module-map"; path = module.modulemap; sourceTree = "<group>"; };
		8A66403925397DA0000E9321 /* GooglePlaces */ = {isa = PBXFileReference; fileEncoding = 4; lastKnownFileType = "compiled.mach-o.objfile"; name = GooglePlaces; path = ../Carthage/Build/iOS/GooglePlaces.framework/GooglePlaces; sourceTree = "<group>"; };
		8A6641102539828D000E9321 /* Foundation.framework */ = {isa = PBXFileReference; lastKnownFileType = wrapper.framework; name = Foundation.framework; path = System/Library/Frameworks/Foundation.framework; sourceTree = SDKROOT; };
		8A66411D253982C0000E9321 /* UIKit.framework */ = {isa = PBXFileReference; lastKnownFileType = wrapper.framework; name = UIKit.framework; path = System/Library/Frameworks/UIKit.framework; sourceTree = SDKROOT; };
		8A664124253982D0000E9321 /* CoreGraphics.framework */ = {isa = PBXFileReference; lastKnownFileType = wrapper.framework; name = CoreGraphics.framework; path = System/Library/Frameworks/CoreGraphics.framework; sourceTree = SDKROOT; };
		8A664126253982D9000E9321 /* CoreLocation.framework */ = {isa = PBXFileReference; lastKnownFileType = wrapper.framework; name = CoreLocation.framework; path = System/Library/Frameworks/CoreLocation.framework; sourceTree = SDKROOT; };
		8A66412D253982E8000E9321 /* libc++.tbd */ = {isa = PBXFileReference; lastKnownFileType = "sourcecode.text-based-dylib-definition"; name = "libc++.tbd"; path = "usr/lib/libc++.tbd"; sourceTree = SDKROOT; };
		8A664134253982F1000E9321 /* CoreTelephony.framework */ = {isa = PBXFileReference; lastKnownFileType = wrapper.framework; name = CoreTelephony.framework; path = System/Library/Frameworks/CoreTelephony.framework; sourceTree = SDKROOT; };
		8A66413B253982FB000E9321 /* Security.framework */ = {isa = PBXFileReference; lastKnownFileType = wrapper.framework; name = Security.framework; path = System/Library/Frameworks/Security.framework; sourceTree = SDKROOT; };
		8A66413D25398302000E9321 /* CoreText.framework */ = {isa = PBXFileReference; lastKnownFileType = wrapper.framework; name = CoreText.framework; path = System/Library/Frameworks/CoreText.framework; sourceTree = SDKROOT; };
		8A66414F25398315000E9321 /* libz.tbd */ = {isa = PBXFileReference; lastKnownFileType = "sourcecode.text-based-dylib-definition"; name = libz.tbd; path = usr/lib/libz.tbd; sourceTree = SDKROOT; };
		8A66415C2539834F000E9321 /* QuartzCore.framework */ = {isa = PBXFileReference; lastKnownFileType = wrapper.framework; name = QuartzCore.framework; path = System/Library/Frameworks/QuartzCore.framework; sourceTree = SDKROOT; };
		8A66416F25398371000E9321 /* GLKit.framework */ = {isa = PBXFileReference; lastKnownFileType = wrapper.framework; name = GLKit.framework; path = System/Library/Frameworks/GLKit.framework; sourceTree = SDKROOT; };
		8A66417725398383000E9321 /* OpenGLES.framework */ = {isa = PBXFileReference; lastKnownFileType = wrapper.framework; name = OpenGLES.framework; path = System/Library/Frameworks/OpenGLES.framework; sourceTree = SDKROOT; };
		8A66417E2539838B000E9321 /* CoreData.framework */ = {isa = PBXFileReference; lastKnownFileType = wrapper.framework; name = CoreData.framework; path = System/Library/Frameworks/CoreData.framework; sourceTree = SDKROOT; };
		8A66418D253983AA000E9321 /* SystemConfiguration.framework */ = {isa = PBXFileReference; lastKnownFileType = wrapper.framework; name = SystemConfiguration.framework; path = System/Library/Frameworks/SystemConfiguration.framework; sourceTree = SDKROOT; };
		8A66418F253983B1000E9321 /* ImageIO.framework */ = {isa = PBXFileReference; lastKnownFileType = wrapper.framework; name = ImageIO.framework; path = System/Library/Frameworks/ImageIO.framework; sourceTree = SDKROOT; };
		8A664196253983BC000E9321 /* CoreImage.framework */ = {isa = PBXFileReference; lastKnownFileType = wrapper.framework; name = CoreImage.framework; path = System/Library/Frameworks/CoreImage.framework; sourceTree = SDKROOT; };
		8A6DC50527834B6A00F9553C /* GMSMarkerAnimation.h */ = {isa = PBXFileReference; fileEncoding = 4; lastKnownFileType = sourcecode.c.h; path = GMSMarkerAnimation.h; sourceTree = "<group>"; };
		8A7107DD26526A8E00C2AD24 /* GMSIndoorBuilding.h */ = {isa = PBXFileReference; fileEncoding = 4; lastKnownFileType = sourcecode.c.h; path = GMSIndoorBuilding.h; sourceTree = "<group>"; };
		8A7107DE26526A8E00C2AD24 /* GMSGroundOverlay.h */ = {isa = PBXFileReference; fileEncoding = 4; lastKnownFileType = sourcecode.c.h; path = GMSGroundOverlay.h; sourceTree = "<group>"; };
		8A7107DF26526A8E00C2AD24 /* GMSGeometryUtils.h */ = {isa = PBXFileReference; fileEncoding = 4; lastKnownFileType = sourcecode.c.h; path = GMSGeometryUtils.h; sourceTree = "<group>"; };
		8A7107E026526A8E00C2AD24 /* GMSOverlay.h */ = {isa = PBXFileReference; fileEncoding = 4; lastKnownFileType = sourcecode.c.h; path = GMSOverlay.h; sourceTree = "<group>"; };
		8A7107E226526A8E00C2AD24 /* GMSStyleSpan.h */ = {isa = PBXFileReference; fileEncoding = 4; lastKnownFileType = sourcecode.c.h; path = GMSStyleSpan.h; sourceTree = "<group>"; };
		8A7107E326526A8E00C2AD24 /* GMSCameraUpdate.h */ = {isa = PBXFileReference; fileEncoding = 4; lastKnownFileType = sourcecode.c.h; path = GMSCameraUpdate.h; sourceTree = "<group>"; };
		8A7107E426526A8E00C2AD24 /* GMSMapView+Premium.h */ = {isa = PBXFileReference; fileEncoding = 4; lastKnownFileType = sourcecode.c.h; path = "GMSMapView+Premium.h"; sourceTree = "<group>"; };
		8A7107E526526A8E00C2AD24 /* GMSPolyline.h */ = {isa = PBXFileReference; fileEncoding = 4; lastKnownFileType = sourcecode.c.h; path = GMSPolyline.h; sourceTree = "<group>"; };
		8A7107E626526A8E00C2AD24 /* GMSMapID+Premium.h */ = {isa = PBXFileReference; fileEncoding = 4; lastKnownFileType = sourcecode.c.h; path = "GMSMapID+Premium.h"; sourceTree = "<group>"; };
		8A7107E726526A8F00C2AD24 /* GMSPanoramaView.h */ = {isa = PBXFileReference; fileEncoding = 4; lastKnownFileType = sourcecode.c.h; path = GMSPanoramaView.h; sourceTree = "<group>"; };
		8A7107E826526A8F00C2AD24 /* GMSOrientation.h */ = {isa = PBXFileReference; fileEncoding = 4; lastKnownFileType = sourcecode.c.h; path = GMSOrientation.h; sourceTree = "<group>"; };
		8A7107E926526A8F00C2AD24 /* GMSMutablePath.h */ = {isa = PBXFileReference; fileEncoding = 4; lastKnownFileType = sourcecode.c.h; path = GMSMutablePath.h; sourceTree = "<group>"; };
		8A7107EA26526A8F00C2AD24 /* GoogleMaps.h */ = {isa = PBXFileReference; fileEncoding = 4; lastKnownFileType = sourcecode.c.h; path = GoogleMaps.h; sourceTree = "<group>"; };
		8A7107EB26526A8F00C2AD24 /* GMSTileLayer.h */ = {isa = PBXFileReference; fileEncoding = 4; lastKnownFileType = sourcecode.c.h; path = GMSTileLayer.h; sourceTree = "<group>"; };
		8A7107EC26526A8F00C2AD24 /* GMSAddress.h */ = {isa = PBXFileReference; fileEncoding = 4; lastKnownFileType = sourcecode.c.h; path = GMSAddress.h; sourceTree = "<group>"; };
		8A7107ED26526A8F00C2AD24 /* GMSStrokeStyle.h */ = {isa = PBXFileReference; fileEncoding = 4; lastKnownFileType = sourcecode.c.h; path = GMSStrokeStyle.h; sourceTree = "<group>"; };
		8A7107EE26526A8F00C2AD24 /* GMSPanoramaCamera.h */ = {isa = PBXFileReference; fileEncoding = 4; lastKnownFileType = sourcecode.c.h; path = GMSPanoramaCamera.h; sourceTree = "<group>"; };
		8A7107EF26526A8F00C2AD24 /* GMSMapView+Animation.h */ = {isa = PBXFileReference; fileEncoding = 4; lastKnownFileType = sourcecode.c.h; path = "GMSMapView+Animation.h"; sourceTree = "<group>"; };
		8A7107F026526A8F00C2AD24 /* GMSPath.h */ = {isa = PBXFileReference; fileEncoding = 4; lastKnownFileType = sourcecode.c.h; path = GMSPath.h; sourceTree = "<group>"; };
		8A7107F126526A8F00C2AD24 /* GMSPolygonLayer.h */ = {isa = PBXFileReference; fileEncoding = 4; lastKnownFileType = sourcecode.c.h; path = GMSPolygonLayer.h; sourceTree = "<group>"; };
		8A7107F226526A8F00C2AD24 /* GMSPanoramaService.h */ = {isa = PBXFileReference; fileEncoding = 4; lastKnownFileType = sourcecode.c.h; path = GMSPanoramaService.h; sourceTree = "<group>"; };
		8A7107F326526A8F00C2AD24 /* GMSCircle.h */ = {isa = PBXFileReference; fileEncoding = 4; lastKnownFileType = sourcecode.c.h; path = GMSCircle.h; sourceTree = "<group>"; };
		8A7107F426526A8F00C2AD24 /* GMSMapStyle.h */ = {isa = PBXFileReference; fileEncoding = 4; lastKnownFileType = sourcecode.c.h; path = GMSMapStyle.h; sourceTree = "<group>"; };
		8A7107F526526A8F00C2AD24 /* GMSMapLayer.h */ = {isa = PBXFileReference; fileEncoding = 4; lastKnownFileType = sourcecode.c.h; path = GMSMapLayer.h; sourceTree = "<group>"; };
		8A7107F626526A8F00C2AD24 /* GMSPanorama.h */ = {isa = PBXFileReference; fileEncoding = 4; lastKnownFileType = sourcecode.c.h; path = GMSPanorama.h; sourceTree = "<group>"; };
		8A7107F826526A8F00C2AD24 /* GMSPanoramaSource.h */ = {isa = PBXFileReference; fileEncoding = 4; lastKnownFileType = sourcecode.c.h; path = GMSPanoramaSource.h; sourceTree = "<group>"; };
		8A7107F926526A8F00C2AD24 /* GMSIndoorLevel.h */ = {isa = PBXFileReference; fileEncoding = 4; lastKnownFileType = sourcecode.c.h; path = GMSIndoorLevel.h; sourceTree = "<group>"; };
		8A7107FA26526A8F00C2AD24 /* GMSServices.h */ = {isa = PBXFileReference; fileEncoding = 4; lastKnownFileType = sourcecode.c.h; path = GMSServices.h; sourceTree = "<group>"; };
		8A7107FB26526A8F00C2AD24 /* GMSCoordinateBounds+GoogleMaps.h */ = {isa = PBXFileReference; fileEncoding = 4; lastKnownFileType = sourcecode.c.h; path = "GMSCoordinateBounds+GoogleMaps.h"; sourceTree = "<group>"; };
		8A7107FD26526A8F00C2AD24 /* GMSUISettings.h */ = {isa = PBXFileReference; fileEncoding = 4; lastKnownFileType = sourcecode.c.h; path = GMSUISettings.h; sourceTree = "<group>"; };
		8A7107FE26526A8F00C2AD24 /* GMSGeocoder.h */ = {isa = PBXFileReference; fileEncoding = 4; lastKnownFileType = sourcecode.c.h; path = GMSGeocoder.h; sourceTree = "<group>"; };
		8A7107FF26526A8F00C2AD24 /* GMSCameraPosition.h */ = {isa = PBXFileReference; fileEncoding = 4; lastKnownFileType = sourcecode.c.h; path = GMSCameraPosition.h; sourceTree = "<group>"; };
		8A71080026526A8F00C2AD24 /* GMSMarker.h */ = {isa = PBXFileReference; fileEncoding = 4; lastKnownFileType = sourcecode.c.h; path = GMSMarker.h; sourceTree = "<group>"; };
		8A71080126526A8F00C2AD24 /* GMSMarkerLayer.h */ = {isa = PBXFileReference; fileEncoding = 4; lastKnownFileType = sourcecode.c.h; path = GMSMarkerLayer.h; sourceTree = "<group>"; };
		8A71080226526A8F00C2AD24 /* GMSIndoorDisplay.h */ = {isa = PBXFileReference; fileEncoding = 4; lastKnownFileType = sourcecode.c.h; path = GMSIndoorDisplay.h; sourceTree = "<group>"; };
		8A71080326526A8F00C2AD24 /* GMSSyncTileLayer.h */ = {isa = PBXFileReference; fileEncoding = 4; lastKnownFileType = sourcecode.c.h; path = GMSSyncTileLayer.h; sourceTree = "<group>"; };
		8A71080426526A8F00C2AD24 /* GMSProjection.h */ = {isa = PBXFileReference; fileEncoding = 4; lastKnownFileType = sourcecode.c.h; path = GMSProjection.h; sourceTree = "<group>"; };
		8A71080526526A8F00C2AD24 /* GMSURLTileLayer.h */ = {isa = PBXFileReference; fileEncoding = 4; lastKnownFileType = sourcecode.c.h; path = GMSURLTileLayer.h; sourceTree = "<group>"; };
		8A71080626526A8F00C2AD24 /* GMSPanoramaLink.h */ = {isa = PBXFileReference; fileEncoding = 4; lastKnownFileType = sourcecode.c.h; path = GMSPanoramaLink.h; sourceTree = "<group>"; };
		8A71080726526A8F00C2AD24 /* GMSPanoramaLayer.h */ = {isa = PBXFileReference; fileEncoding = 4; lastKnownFileType = sourcecode.c.h; path = GMSPanoramaLayer.h; sourceTree = "<group>"; };
		8A71080826526A8F00C2AD24 /* GMSAccessibilityLabels.h */ = {isa = PBXFileReference; fileEncoding = 4; lastKnownFileType = sourcecode.c.h; path = GMSAccessibilityLabels.h; sourceTree = "<group>"; };
		8A71080926526A9000C2AD24 /* GMSPolygon.h */ = {isa = PBXFileReference; fileEncoding = 4; lastKnownFileType = sourcecode.c.h; path = GMSPolygon.h; sourceTree = "<group>"; };
		8A71080A26526A9000C2AD24 /* GMSPanoramaCameraUpdate.h */ = {isa = PBXFileReference; fileEncoding = 4; lastKnownFileType = sourcecode.c.h; path = GMSPanoramaCameraUpdate.h; sourceTree = "<group>"; };
		8A71080B26526A9000C2AD24 /* GMSMapView.h */ = {isa = PBXFileReference; fileEncoding = 4; lastKnownFileType = sourcecode.c.h; path = GMSMapView.h; sourceTree = "<group>"; };
		8A71080C26526A9000C2AD24 /* GMSOverlayLayer.h */ = {isa = PBXFileReference; fileEncoding = 4; lastKnownFileType = sourcecode.c.h; path = GMSOverlayLayer.h; sourceTree = "<group>"; };
		8A71080D26526A9000C2AD24 /* GMSCALayer.h */ = {isa = PBXFileReference; fileEncoding = 4; lastKnownFileType = sourcecode.c.h; path = GMSCALayer.h; sourceTree = "<group>"; };
		8A71083F26526AE800C2AD24 /* GooglePlaces.h */ = {isa = PBXFileReference; fileEncoding = 4; lastKnownFileType = sourcecode.c.h; path = GooglePlaces.h; sourceTree = "<group>"; };
		8A71084026526AE800C2AD24 /* GMSPlacesDeprecationUtils.h */ = {isa = PBXFileReference; fileEncoding = 4; lastKnownFileType = sourcecode.c.h; path = GMSPlacesDeprecationUtils.h; sourceTree = "<group>"; };
		8A71084126526AE900C2AD24 /* GMSPlaceLocationOptions.h */ = {isa = PBXFileReference; fileEncoding = 4; lastKnownFileType = sourcecode.c.h; path = GMSPlaceLocationOptions.h; sourceTree = "<group>"; };
		8A71084226526AE900C2AD24 /* GMSPlusCode.h */ = {isa = PBXFileReference; fileEncoding = 4; lastKnownFileType = sourcecode.c.h; path = GMSPlusCode.h; sourceTree = "<group>"; };
		8A71084326526AE900C2AD24 /* GMSPlaceViewportInfo.h */ = {isa = PBXFileReference; fileEncoding = 4; lastKnownFileType = sourcecode.c.h; path = GMSPlaceViewportInfo.h; sourceTree = "<group>"; };
		8A71084426526AE900C2AD24 /* GMSAutocompletePrediction.h */ = {isa = PBXFileReference; fileEncoding = 4; lastKnownFileType = sourcecode.c.h; path = GMSAutocompletePrediction.h; sourceTree = "<group>"; };
		8A71084526526AE900C2AD24 /* GMSAutocompleteFetcher.h */ = {isa = PBXFileReference; fileEncoding = 4; lastKnownFileType = sourcecode.c.h; path = GMSAutocompleteFetcher.h; sourceTree = "<group>"; };
		8A71084626526AE900C2AD24 /* GMSAutocompleteSessionToken.h */ = {isa = PBXFileReference; fileEncoding = 4; lastKnownFileType = sourcecode.c.h; path = GMSAutocompleteSessionToken.h; sourceTree = "<group>"; };
		8A71084726526AE900C2AD24 /* GMSAutocompleteTableDataSource.h */ = {isa = PBXFileReference; fileEncoding = 4; lastKnownFileType = sourcecode.c.h; path = GMSAutocompleteTableDataSource.h; sourceTree = "<group>"; };
		8A71084826526AE900C2AD24 /* GMSAutocompleteMatchFragment.h */ = {isa = PBXFileReference; fileEncoding = 4; lastKnownFileType = sourcecode.c.h; path = GMSAutocompleteMatchFragment.h; sourceTree = "<group>"; };
		8A71084926526AE900C2AD24 /* GMSPlaceLikelihoodList.h */ = {isa = PBXFileReference; fileEncoding = 4; lastKnownFileType = sourcecode.c.h; path = GMSPlaceLikelihoodList.h; sourceTree = "<group>"; };
		8A71084A26526AE900C2AD24 /* GMSPlacePhotoMetadata.h */ = {isa = PBXFileReference; fileEncoding = 4; lastKnownFileType = sourcecode.c.h; path = GMSPlacePhotoMetadata.h; sourceTree = "<group>"; };
		8A71084B26526AE900C2AD24 /* GMSOpeningHours.h */ = {isa = PBXFileReference; fileEncoding = 4; lastKnownFileType = sourcecode.c.h; path = GMSOpeningHours.h; sourceTree = "<group>"; };
		8A71084C26526AE900C2AD24 /* GMSPlacePhotoMetadataList.h */ = {isa = PBXFileReference; fileEncoding = 4; lastKnownFileType = sourcecode.c.h; path = GMSPlacePhotoMetadataList.h; sourceTree = "<group>"; };
		8A71084D26526AE900C2AD24 /* GMSPlacesClient.h */ = {isa = PBXFileReference; fileEncoding = 4; lastKnownFileType = sourcecode.c.h; path = GMSPlacesClient.h; sourceTree = "<group>"; };
		8A71084E26526AE900C2AD24 /* GMSPlaceFieldMask.h */ = {isa = PBXFileReference; fileEncoding = 4; lastKnownFileType = sourcecode.c.h; path = GMSPlaceFieldMask.h; sourceTree = "<group>"; };
		8A71084F26526AE900C2AD24 /* GMSPlaceTypes.h */ = {isa = PBXFileReference; fileEncoding = 4; lastKnownFileType = sourcecode.c.h; path = GMSPlaceTypes.h; sourceTree = "<group>"; };
		8A71085026526AE900C2AD24 /* GMSAutocompleteResultsViewController.h */ = {isa = PBXFileReference; fileEncoding = 4; lastKnownFileType = sourcecode.c.h; path = GMSAutocompleteResultsViewController.h; sourceTree = "<group>"; };
		8A71085126526AE900C2AD24 /* GMSAutocompleteFilter.h */ = {isa = PBXFileReference; fileEncoding = 4; lastKnownFileType = sourcecode.c.h; path = GMSAutocompleteFilter.h; sourceTree = "<group>"; };
		8A71085226526AE900C2AD24 /* GMSAddressComponent.h */ = {isa = PBXFileReference; fileEncoding = 4; lastKnownFileType = sourcecode.c.h; path = GMSAddressComponent.h; sourceTree = "<group>"; };
		8A71085326526AE900C2AD24 /* GMSPlace.h */ = {isa = PBXFileReference; fileEncoding = 4; lastKnownFileType = sourcecode.c.h; path = GMSPlace.h; sourceTree = "<group>"; };
		8A71085426526AE900C2AD24 /* GMSPlaceLikelihood.h */ = {isa = PBXFileReference; fileEncoding = 4; lastKnownFileType = sourcecode.c.h; path = GMSPlaceLikelihood.h; sourceTree = "<group>"; };
		8A71085526526AE900C2AD24 /* GMSAutocompleteViewController.h */ = {isa = PBXFileReference; fileEncoding = 4; lastKnownFileType = sourcecode.c.h; path = GMSAutocompleteViewController.h; sourceTree = "<group>"; };
		8A71085626526AE900C2AD24 /* GMSPlacesErrors.h */ = {isa = PBXFileReference; fileEncoding = 4; lastKnownFileType = sourcecode.c.h; path = GMSPlacesErrors.h; sourceTree = "<group>"; };
		8A8B4E8E278317090014EB33 /* Metal.framework */ = {isa = PBXFileReference; lastKnownFileType = wrapper.framework; name = Metal.framework; path = System/Library/Frameworks/Metal.framework; sourceTree = SDKROOT; };
		8A8C8EEA25387A0C00F5C247 /* GoogleMaps.framework */ = {isa = PBXFileReference; explicitFileType = wrapper.framework; includeInIndex = 0; path = GoogleMaps.framework; sourceTree = BUILT_PRODUCTS_DIR; };
		8A8C8EEE25387A0C00F5C247 /* Info.plist */ = {isa = PBXFileReference; lastKnownFileType = text.plist.xml; path = Info.plist; sourceTree = "<group>"; };
		8A8C8EFC25387A3E00F5C247 /* GoogleMapsBase.framework */ = {isa = PBXFileReference; explicitFileType = wrapper.framework; includeInIndex = 0; path = GoogleMapsBase.framework; sourceTree = BUILT_PRODUCTS_DIR; };
		8A8C8EFF25387A3E00F5C247 /* Info.plist */ = {isa = PBXFileReference; lastKnownFileType = text.plist.xml; path = Info.plist; sourceTree = "<group>"; };
		8A8C8F0B25387A4B00F5C247 /* GoogleMapsCore.framework */ = {isa = PBXFileReference; explicitFileType = wrapper.framework; includeInIndex = 0; path = GoogleMapsCore.framework; sourceTree = BUILT_PRODUCTS_DIR; };
		8A8C8F0E25387A4B00F5C247 /* Info.plist */ = {isa = PBXFileReference; lastKnownFileType = text.plist.xml; path = Info.plist; sourceTree = "<group>"; };
		8A8C8F1B25387A5800F5C247 /* GoogleMapsM4B.framework */ = {isa = PBXFileReference; explicitFileType = wrapper.framework; includeInIndex = 0; path = GoogleMapsM4B.framework; sourceTree = BUILT_PRODUCTS_DIR; };
		8A8C8F1E25387A5800F5C247 /* Info.plist */ = {isa = PBXFileReference; lastKnownFileType = text.plist.xml; path = Info.plist; sourceTree = "<group>"; };
		8A8C8F2C25387A7C00F5C247 /* GooglePlaces.framework */ = {isa = PBXFileReference; explicitFileType = wrapper.framework; includeInIndex = 0; path = GooglePlaces.framework; sourceTree = BUILT_PRODUCTS_DIR; };
		8A8C8F2F25387A7C00F5C247 /* Info.plist */ = {isa = PBXFileReference; lastKnownFileType = text.plist.xml; path = Info.plist; sourceTree = "<group>"; };
		8AD14F4E2783159400B1AB33 /* GMSStampStyle.h */ = {isa = PBXFileReference; fileEncoding = 4; lastKnownFileType = sourcecode.c.h; path = GMSStampStyle.h; sourceTree = "<group>"; };
/* End PBXFileReference section */

/* Begin PBXFrameworksBuildPhase section */
		8A8C8EE725387A0C00F5C247 /* Frameworks */ = {
			isa = PBXFrameworksBuildPhase;
			buildActionMask = 2147483647;
			files = (
				8A6641D425398415000E9321 /* libz.tbd in Frameworks */,
				8A6641CE25398410000E9321 /* libc++.tbd in Frameworks */,
				8A6641BE25398406000E9321 /* CoreImage.framework in Frameworks */,
				8A6641B8253983F6000E9321 /* QuartzCore.framework in Frameworks */,
				8A6641B2253983ED000E9321 /* ImageIO.framework in Frameworks */,
				8A66416925398367000E9321 /* CoreGraphics.framework in Frameworks */,
				8A66418E253983AA000E9321 /* SystemConfiguration.framework in Frameworks */,
				8A6641872539839E000E9321 /* CoreLocation.framework in Frameworks */,
				8A66418625398396000E9321 /* CoreTelephony.framework in Frameworks */,
				8A8B4E8F278317090014EB33 /* Metal.framework in Frameworks */,
				8A66417F2539838B000E9321 /* CoreData.framework in Frameworks */,
				8A66417825398383000E9321 /* OpenGLES.framework in Frameworks */,
				8A66417125398376000E9321 /* CoreText.framework in Frameworks */,
				8A66417025398371000E9321 /* GLKit.framework in Frameworks */,
				8A66415625398342000E9321 /* UIKit.framework in Frameworks */,
				8A6641112539828D000E9321 /* Foundation.framework in Frameworks */,
				8A6640BB253980A2000E9321 /* GoogleMapsBase.framework in Frameworks */,
				8A6640EE2539820E000E9321 /* GoogleMaps in Frameworks */,
				8A66410A2539826E000E9321 /* GoogleMapsCore in Frameworks */,
			);
			runOnlyForDeploymentPostprocessing = 0;
		};
		8A8C8EF925387A3E00F5C247 /* Frameworks */ = {
			isa = PBXFrameworksBuildPhase;
			buildActionMask = 2147483647;
			files = (
				8A66415025398315000E9321 /* libz.tbd in Frameworks */,
				8A66414925398310000E9321 /* libc++.tbd in Frameworks */,
				8A66413E25398302000E9321 /* CoreText.framework in Frameworks */,
				8A08AD65253999DB0078DE66 /* QuartzCore.framework in Frameworks */,
				8A66413C253982FB000E9321 /* Security.framework in Frameworks */,
				8A664135253982F1000E9321 /* CoreTelephony.framework in Frameworks */,
				8A664127253982D9000E9321 /* CoreLocation.framework in Frameworks */,
				8A664125253982D1000E9321 /* CoreGraphics.framework in Frameworks */,
				8A66411E253982C0000E9321 /* UIKit.framework in Frameworks */,
				8A664117253982B6000E9321 /* Foundation.framework in Frameworks */,
				8A66408B25397EC3000E9321 /* GoogleMapsBase in Frameworks */,
			);
			runOnlyForDeploymentPostprocessing = 0;
		};
		8A8C8F0825387A4B00F5C247 /* Frameworks */ = {
			isa = PBXFrameworksBuildPhase;
			buildActionMask = 2147483647;
			files = (
			);
			runOnlyForDeploymentPostprocessing = 0;
		};
		8A8C8F1825387A5800F5C247 /* Frameworks */ = {
			isa = PBXFrameworksBuildPhase;
			buildActionMask = 2147483647;
			files = (
				8A66421725398499000E9321 /* libc++.tbd in Frameworks */,
				8A66421625398491000E9321 /* Foundation.framework in Frameworks */,
				8A66409625397EF2000E9321 /* GoogleMapsM4B in Frameworks */,
			);
			runOnlyForDeploymentPostprocessing = 0;
		};
		8A8C8F2925387A7C00F5C247 /* Frameworks */ = {
			isa = PBXFrameworksBuildPhase;
			buildActionMask = 2147483647;
			files = (
				8A6642052539847A000E9321 /* libc++.tbd in Frameworks */,
				8A6641FA25398472000E9321 /* QuartzCore.framework in Frameworks */,
				8A6641F425398461000E9321 /* CoreLocation.framework in Frameworks */,
				8A6641E825398452000E9321 /* CoreGraphics.framework in Frameworks */,
				8A6641E225398447000E9321 /* UIKit.framework in Frameworks */,
				8A6641E125398442000E9321 /* Foundation.framework in Frameworks */,
				8A6641DA2539842E000E9321 /* GoogleMapsBase.framework in Frameworks */,
				8A7107D926525FB000C2AD24 /* Security.framework in Frameworks */,
				8A6640A125397EFE000E9321 /* GooglePlaces in Frameworks */,
				8A7107DA26525FC000C2AD24 /* libz.tbd in Frameworks */,
			);
			runOnlyForDeploymentPostprocessing = 0;
		};
/* End PBXFrameworksBuildPhase section */

/* Begin PBXGroup section */
		8A08ACA7253998F10078DE66 /* Headers */ = {
			isa = PBXGroup;
			children = (
				8A71080826526A8F00C2AD24 /* GMSAccessibilityLabels.h */,
				8A7107EC26526A8F00C2AD24 /* GMSAddress.h */,
				8A71080D26526A9000C2AD24 /* GMSCALayer.h */,
				8A7107FF26526A8F00C2AD24 /* GMSCameraPosition.h */,
				8A7107E326526A8E00C2AD24 /* GMSCameraUpdate.h */,
				8A7107F326526A8F00C2AD24 /* GMSCircle.h */,
				8A7107FB26526A8F00C2AD24 /* GMSCoordinateBounds+GoogleMaps.h */,
				8A7107FE26526A8F00C2AD24 /* GMSGeocoder.h */,
				8A7107DF26526A8E00C2AD24 /* GMSGeometryUtils.h */,
				8A7107DE26526A8E00C2AD24 /* GMSGroundOverlay.h */,
				8A7107DD26526A8E00C2AD24 /* GMSIndoorBuilding.h */,
				8A71080226526A8F00C2AD24 /* GMSIndoorDisplay.h */,
				8A7107F926526A8F00C2AD24 /* GMSIndoorLevel.h */,
				8A7107E626526A8E00C2AD24 /* GMSMapID+Premium.h */,
				8A7107F526526A8F00C2AD24 /* GMSMapLayer.h */,
				8A7107F426526A8F00C2AD24 /* GMSMapStyle.h */,
				8A71080B26526A9000C2AD24 /* GMSMapView.h */,
				8A7107EF26526A8F00C2AD24 /* GMSMapView+Animation.h */,
				8A7107E426526A8E00C2AD24 /* GMSMapView+Premium.h */,
				8A71080026526A8F00C2AD24 /* GMSMarker.h */,
				8A6DC50527834B6A00F9553C /* GMSMarkerAnimation.h */,
				8A71080126526A8F00C2AD24 /* GMSMarkerLayer.h */,
				8A7107E926526A8F00C2AD24 /* GMSMutablePath.h */,
				8A7107E826526A8F00C2AD24 /* GMSOrientation.h */,
				8A7107E026526A8E00C2AD24 /* GMSOverlay.h */,
				8A71080C26526A9000C2AD24 /* GMSOverlayLayer.h */,
				8A7107F626526A8F00C2AD24 /* GMSPanorama.h */,
				8A7107EE26526A8F00C2AD24 /* GMSPanoramaCamera.h */,
				8A71080A26526A9000C2AD24 /* GMSPanoramaCameraUpdate.h */,
				8A71080726526A8F00C2AD24 /* GMSPanoramaLayer.h */,
				8A71080626526A8F00C2AD24 /* GMSPanoramaLink.h */,
				8A7107F226526A8F00C2AD24 /* GMSPanoramaService.h */,
				8A7107F826526A8F00C2AD24 /* GMSPanoramaSource.h */,
				8A7107E726526A8F00C2AD24 /* GMSPanoramaView.h */,
				8A7107F026526A8F00C2AD24 /* GMSPath.h */,
				8A71080926526A9000C2AD24 /* GMSPolygon.h */,
				8A7107F126526A8F00C2AD24 /* GMSPolygonLayer.h */,
				8A7107E526526A8E00C2AD24 /* GMSPolyline.h */,
				8A71080426526A8F00C2AD24 /* GMSProjection.h */,
				8A7107FA26526A8F00C2AD24 /* GMSServices.h */,
				8AD14F4E2783159400B1AB33 /* GMSStampStyle.h */,
				8A7107ED26526A8F00C2AD24 /* GMSStrokeStyle.h */,
				8A7107E226526A8E00C2AD24 /* GMSStyleSpan.h */,
				8A71080326526A8F00C2AD24 /* GMSSyncTileLayer.h */,
				8A7107EB26526A8F00C2AD24 /* GMSTileLayer.h */,
				8A7107FD26526A8F00C2AD24 /* GMSUISettings.h */,
				8A71080526526A8F00C2AD24 /* GMSURLTileLayer.h */,
				8A7107EA26526A8F00C2AD24 /* GoogleMaps.h */,
			);
			name = Headers;
			path = Carthage/Build/iOS/GoogleMaps.framework/Headers;
			sourceTree = SOURCE_ROOT;
		};
		8A08AD1B2539994E0078DE66 /* Headers */ = {
			isa = PBXGroup;
			children = (
				8A71085226526AE900C2AD24 /* GMSAddressComponent.h */,
				8A71084526526AE900C2AD24 /* GMSAutocompleteFetcher.h */,
				8A71085126526AE900C2AD24 /* GMSAutocompleteFilter.h */,
				8A71084826526AE900C2AD24 /* GMSAutocompleteMatchFragment.h */,
				8A71084426526AE900C2AD24 /* GMSAutocompletePrediction.h */,
				8A71085026526AE900C2AD24 /* GMSAutocompleteResultsViewController.h */,
				8A71084626526AE900C2AD24 /* GMSAutocompleteSessionToken.h */,
				8A71084726526AE900C2AD24 /* GMSAutocompleteTableDataSource.h */,
				8A71085526526AE900C2AD24 /* GMSAutocompleteViewController.h */,
				8A71084B26526AE900C2AD24 /* GMSOpeningHours.h */,
				8A71085326526AE900C2AD24 /* GMSPlace.h */,
				8A71084E26526AE900C2AD24 /* GMSPlaceFieldMask.h */,
				8A71085426526AE900C2AD24 /* GMSPlaceLikelihood.h */,
				8A71084926526AE900C2AD24 /* GMSPlaceLikelihoodList.h */,
				8A71084126526AE900C2AD24 /* GMSPlaceLocationOptions.h */,
				8A71084A26526AE900C2AD24 /* GMSPlacePhotoMetadata.h */,
				8A71084C26526AE900C2AD24 /* GMSPlacePhotoMetadataList.h */,
				8A71084D26526AE900C2AD24 /* GMSPlacesClient.h */,
				8A71084026526AE800C2AD24 /* GMSPlacesDeprecationUtils.h */,
				8A71085626526AE900C2AD24 /* GMSPlacesErrors.h */,
				8A71084F26526AE900C2AD24 /* GMSPlaceTypes.h */,
				8A71084326526AE900C2AD24 /* GMSPlaceViewportInfo.h */,
				8A71084226526AE900C2AD24 /* GMSPlusCode.h */,
				8A71083F26526AE800C2AD24 /* GooglePlaces.h */,
			);
			name = Headers;
			path = Carthage/Build/iOS/GooglePlaces.framework/Headers;
			sourceTree = SOURCE_ROOT;
		};
		8A663FE325397D2B000E9321 /* Modules */ = {
			isa = PBXGroup;
			children = (
				8A663FE425397D2B000E9321 /* module.modulemap */,
			);
			name = Modules;
			path = Carthage/Build/iOS/GoogleMaps.framework/Modules;
			sourceTree = SOURCE_ROOT;
		};
		8A663FE525397D36000E9321 /* Resources */ = {
			isa = PBXGroup;
			children = (
				8A08AD0F253999110078DE66 /* GoogleMaps.bundle */,
			);
			name = Resources;
			path = Carthage/Build/iOS/GoogleMaps.framework/Resources;
			sourceTree = SOURCE_ROOT;
		};
		8A663FF925397D6F000E9321 /* Headers */ = {
			isa = PBXGroup;
			children = (
				8A663FFA25397D6F000E9321 /* GMSDeprecationMacros.h */,
				8A663FFB25397D6F000E9321 /* GoogleMapsBase.h */,
				8A663FFC25397D6F000E9321 /* GMSCompatabilityMacros.h */,
				8A663FFD25397D6F000E9321 /* GMSCoordinateBounds.h */,
			);
			name = Headers;
			path = Carthage/Build/iOS/GoogleMapsBase.framework/Headers;
			sourceTree = SOURCE_ROOT;
		};
		8A663FFE25397D6F000E9321 /* Modules */ = {
			isa = PBXGroup;
			children = (
				8A663FFF25397D6F000E9321 /* module.modulemap */,
			);
			name = Modules;
			path = Carthage/Build/iOS/GoogleMapsBase.framework/Modules;
			sourceTree = SOURCE_ROOT;
		};
		8A66400925397D7D000E9321 /* Modules */ = {
			isa = PBXGroup;
			children = (
				8A66400A25397D7D000E9321 /* module.modulemap */,
			);
			name = Modules;
			path = Carthage/Build/iOS/GoogleMapsCore.framework/Modules;
			sourceTree = SOURCE_ROOT;
		};
		8A66401225397D90000E9321 /* Headers */ = {
			isa = PBXGroup;
			children = (
				8A66401325397D90000E9321 /* GoogleMaps.h */,
			);
			name = Headers;
			path = Carthage/Build/iOS/GoogleMapsM4B.framework/Headers;
			sourceTree = SOURCE_ROOT;
		};
		8A66401425397D90000E9321 /* Modules */ = {
			isa = PBXGroup;
			children = (
				8A66401525397D90000E9321 /* module.modulemap */,
			);
			name = Modules;
			path = Carthage/Build/iOS/GoogleMapsM4B.framework/Modules;
			sourceTree = SOURCE_ROOT;
		};
		8A66401E25397DA0000E9321 /* Modules */ = {
			isa = PBXGroup;
			children = (
				8A66401F25397DA0000E9321 /* module.modulemap */,
			);
			name = Modules;
			path = Carthage/Build/iOS/GooglePlaces.framework/Modules;
			sourceTree = SOURCE_ROOT;
		};
		8A66403A25397DA0000E9321 /* Resources */ = {
			isa = PBXGroup;
			children = (
				8A08AD542539996C0078DE66 /* GooglePlaces.bundle */,
			);
			name = Resources;
			path = Carthage/Build/iOS/GooglePlaces.framework/Resources;
			sourceTree = SOURCE_ROOT;
		};
		8A66407425397E8C000E9321 /* Frameworks */ = {
			isa = PBXGroup;
			children = (
				8A8B4E8E278317090014EB33 /* Metal.framework */,
				8A664196253983BC000E9321 /* CoreImage.framework */,
				8A66418F253983B1000E9321 /* ImageIO.framework */,
				8A66418D253983AA000E9321 /* SystemConfiguration.framework */,
				8A66417E2539838B000E9321 /* CoreData.framework */,
				8A66417725398383000E9321 /* OpenGLES.framework */,
				8A66416F25398371000E9321 /* GLKit.framework */,
				8A66415C2539834F000E9321 /* QuartzCore.framework */,
				8A66414F25398315000E9321 /* libz.tbd */,
				8A66413D25398302000E9321 /* CoreText.framework */,
				8A66413B253982FB000E9321 /* Security.framework */,
				8A664134253982F1000E9321 /* CoreTelephony.framework */,
				8A66412D253982E8000E9321 /* libc++.tbd */,
				8A664126253982D9000E9321 /* CoreLocation.framework */,
				8A664124253982D0000E9321 /* CoreGraphics.framework */,
				8A66411D253982C0000E9321 /* UIKit.framework */,
				8A6641102539828D000E9321 /* Foundation.framework */,
			);
			name = Frameworks;
			sourceTree = "<group>";
		};
		8A8C8EE025387A0C00F5C247 = {
			isa = PBXGroup;
			children = (
				8A8C8EEC25387A0C00F5C247 /* GoogleMaps */,
				8A8C8EFD25387A3E00F5C247 /* GoogleMapsBase */,
				8A8C8F0C25387A4B00F5C247 /* GoogleMapsCore */,
				8A8C8F1C25387A5800F5C247 /* GoogleMapsM4B */,
				8A8C8F2D25387A7C00F5C247 /* GooglePlaces */,
				8A8C8EEB25387A0C00F5C247 /* Products */,
				8A66407425397E8C000E9321 /* Frameworks */,
			);
			sourceTree = "<group>";
		};
		8A8C8EEB25387A0C00F5C247 /* Products */ = {
			isa = PBXGroup;
			children = (
				8A8C8EEA25387A0C00F5C247 /* GoogleMaps.framework */,
				8A8C8EFC25387A3E00F5C247 /* GoogleMapsBase.framework */,
				8A8C8F0B25387A4B00F5C247 /* GoogleMapsCore.framework */,
				8A8C8F1B25387A5800F5C247 /* GoogleMapsM4B.framework */,
				8A8C8F2C25387A7C00F5C247 /* GooglePlaces.framework */,
			);
			name = Products;
			sourceTree = "<group>";
		};
		8A8C8EEC25387A0C00F5C247 /* GoogleMaps */ = {
			isa = PBXGroup;
			children = (
				8A8C8EEE25387A0C00F5C247 /* Info.plist */,
				8A663F7D25397CE4000E9321 /* GoogleMaps */,
				8A08ACA7253998F10078DE66 /* Headers */,
				8A663FE325397D2B000E9321 /* Modules */,
				8A663FE525397D36000E9321 /* Resources */,
			);
			path = GoogleMaps;
			sourceTree = "<group>";
		};
		8A8C8EFD25387A3E00F5C247 /* GoogleMapsBase */ = {
			isa = PBXGroup;
			children = (
				8A8C8EFF25387A3E00F5C247 /* Info.plist */,
				8A663FF225397D68000E9321 /* GoogleMapsBase */,
				8A663FF925397D6F000E9321 /* Headers */,
				8A663FFE25397D6F000E9321 /* Modules */,
			);
			path = GoogleMapsBase;
			sourceTree = "<group>";
		};
		8A8C8F0C25387A4B00F5C247 /* GoogleMapsCore */ = {
			isa = PBXGroup;
			children = (
				8A8C8F0E25387A4B00F5C247 /* Info.plist */,
				8A66400B25397D7D000E9321 /* GoogleMapsCore */,
				8A66400925397D7D000E9321 /* Modules */,
			);
			path = GoogleMapsCore;
			sourceTree = "<group>";
		};
		8A8C8F1C25387A5800F5C247 /* GoogleMapsM4B */ = {
			isa = PBXGroup;
			children = (
				8A8C8F1E25387A5800F5C247 /* Info.plist */,
				8A66401625397D90000E9321 /* GoogleMapsM4B */,
				8A66401225397D90000E9321 /* Headers */,
				8A66401425397D90000E9321 /* Modules */,
			);
			path = GoogleMapsM4B;
			sourceTree = "<group>";
		};
		8A8C8F2D25387A7C00F5C247 /* GooglePlaces */ = {
			isa = PBXGroup;
			children = (
				8A8C8F2F25387A7C00F5C247 /* Info.plist */,
				8A66403925397DA0000E9321 /* GooglePlaces */,
				8A08AD1B2539994E0078DE66 /* Headers */,
				8A66401E25397DA0000E9321 /* Modules */,
				8A66403A25397DA0000E9321 /* Resources */,
			);
			path = GooglePlaces;
			sourceTree = "<group>";
		};
/* End PBXGroup section */

/* Begin PBXHeadersBuildPhase section */
		8A8C8EE525387A0C00F5C247 /* Headers */ = {
			isa = PBXHeadersBuildPhase;
			buildActionMask = 2147483647;
			files = (
				8A71082B26526A9000C2AD24 /* GMSServices.h in Headers */,
				8A71083526526A9000C2AD24 /* GMSProjection.h in Headers */,
				8A71083726526A9000C2AD24 /* GMSPanoramaLink.h in Headers */,
				8A71083326526A9000C2AD24 /* GMSIndoorDisplay.h in Headers */,
				8A71083126526A9000C2AD24 /* GMSMarker.h in Headers */,
				8A71081E26526A9000C2AD24 /* GMSStrokeStyle.h in Headers */,
				8A71082A26526A9000C2AD24 /* GMSIndoorLevel.h in Headers */,
				8A71082226526A9000C2AD24 /* GMSPolygonLayer.h in Headers */,
				8A71083426526A9000C2AD24 /* GMSSyncTileLayer.h in Headers */,
				8A71082326526A9000C2AD24 /* GMSPanoramaService.h in Headers */,
				8A71081026526A9000C2AD24 /* GMSGeometryUtils.h in Headers */,
				8A71081726526A9000C2AD24 /* GMSMapID+Premium.h in Headers */,
				8A71082E26526A9000C2AD24 /* GMSUISettings.h in Headers */,
				8A71081826526A9000C2AD24 /* GMSPanoramaView.h in Headers */,
				8A71080F26526A9000C2AD24 /* GMSGroundOverlay.h in Headers */,
				8A71081A26526A9000C2AD24 /* GMSMutablePath.h in Headers */,
				8A71083B26526A9000C2AD24 /* GMSPanoramaCameraUpdate.h in Headers */,
				8A71082526526A9000C2AD24 /* GMSMapStyle.h in Headers */,
				8A71080E26526A9000C2AD24 /* GMSIndoorBuilding.h in Headers */,
				8A71083C26526A9000C2AD24 /* GMSMapView.h in Headers */,
				8A71083226526A9000C2AD24 /* GMSMarkerLayer.h in Headers */,
				8A71082926526A9000C2AD24 /* GMSPanoramaSource.h in Headers */,
				8A71081626526A9000C2AD24 /* GMSPolyline.h in Headers */,
				8A71081526526A9000C2AD24 /* GMSMapView+Premium.h in Headers */,
				8A71082026526A9000C2AD24 /* GMSMapView+Animation.h in Headers */,
				8A71082F26526A9000C2AD24 /* GMSGeocoder.h in Headers */,
				8A71082626526A9000C2AD24 /* GMSMapLayer.h in Headers */,
				8A71081326526A9000C2AD24 /* GMSStyleSpan.h in Headers */,
				8A71081B26526A9000C2AD24 /* GoogleMaps.h in Headers */,
				8A71081926526A9000C2AD24 /* GMSOrientation.h in Headers */,
				8A71081126526A9000C2AD24 /* GMSOverlay.h in Headers */,
				8A71083A26526A9000C2AD24 /* GMSPolygon.h in Headers */,
				8A71083926526A9000C2AD24 /* GMSAccessibilityLabels.h in Headers */,
				8A71083E26526A9000C2AD24 /* GMSCALayer.h in Headers */,
				8A71081F26526A9000C2AD24 /* GMSPanoramaCamera.h in Headers */,
				8A6DC50627834B6A00F9553C /* GMSMarkerAnimation.h in Headers */,
				8A71082426526A9000C2AD24 /* GMSCircle.h in Headers */,
				8A71081426526A9000C2AD24 /* GMSCameraUpdate.h in Headers */,
				8A71082C26526A9000C2AD24 /* GMSCoordinateBounds+GoogleMaps.h in Headers */,
				8A71081C26526A9000C2AD24 /* GMSTileLayer.h in Headers */,
				8A71083026526A9000C2AD24 /* GMSCameraPosition.h in Headers */,
				8A71083626526A9000C2AD24 /* GMSURLTileLayer.h in Headers */,
				8AD14F4F2783159400B1AB33 /* GMSStampStyle.h in Headers */,
				8A71081D26526A9000C2AD24 /* GMSAddress.h in Headers */,
				8A71082126526A9000C2AD24 /* GMSPath.h in Headers */,
				8A71083D26526A9000C2AD24 /* GMSOverlayLayer.h in Headers */,
				8A71083826526A9000C2AD24 /* GMSPanoramaLayer.h in Headers */,
				8A71082726526A9000C2AD24 /* GMSPanorama.h in Headers */,
			);
			runOnlyForDeploymentPostprocessing = 0;
		};
		8A8C8EF725387A3E00F5C247 /* Headers */ = {
			isa = PBXHeadersBuildPhase;
			buildActionMask = 2147483647;
			files = (
				8A66400225397D6F000E9321 /* GMSCompatabilityMacros.h in Headers */,
				8A66400325397D6F000E9321 /* GMSCoordinateBounds.h in Headers */,
				8A66400025397D6F000E9321 /* GMSDeprecationMacros.h in Headers */,
				8A66400125397D6F000E9321 /* GoogleMapsBase.h in Headers */,
			);
			runOnlyForDeploymentPostprocessing = 0;
		};
		8A8C8F0625387A4B00F5C247 /* Headers */ = {
			isa = PBXHeadersBuildPhase;
			buildActionMask = 2147483647;
			files = (
			);
			runOnlyForDeploymentPostprocessing = 0;
		};
		8A8C8F1625387A5800F5C247 /* Headers */ = {
			isa = PBXHeadersBuildPhase;
			buildActionMask = 2147483647;
			files = (
				8A66401725397D90000E9321 /* GoogleMaps.h in Headers */,
			);
			runOnlyForDeploymentPostprocessing = 0;
		};
		8A8C8F2725387A7C00F5C247 /* Headers */ = {
			isa = PBXHeadersBuildPhase;
			buildActionMask = 2147483647;
			files = (
				8A71086226526AE900C2AD24 /* GMSPlacePhotoMetadata.h in Headers */,
				8A71085726526AE900C2AD24 /* GooglePlaces.h in Headers */,
				8A71085E26526AE900C2AD24 /* GMSAutocompleteSessionToken.h in Headers */,
				8A71086326526AE900C2AD24 /* GMSOpeningHours.h in Headers */,
				8A71086726526AE900C2AD24 /* GMSPlaceTypes.h in Headers */,
				8A71086426526AE900C2AD24 /* GMSPlacePhotoMetadataList.h in Headers */,
				8A71086D26526AE900C2AD24 /* GMSAutocompleteViewController.h in Headers */,
				8A71086826526AE900C2AD24 /* GMSAutocompleteResultsViewController.h in Headers */,
				8A71086626526AE900C2AD24 /* GMSPlaceFieldMask.h in Headers */,
				8A71086B26526AE900C2AD24 /* GMSPlace.h in Headers */,
				8A71085A26526AE900C2AD24 /* GMSPlusCode.h in Headers */,
				8A71085B26526AE900C2AD24 /* GMSPlaceViewportInfo.h in Headers */,
				8A71085926526AE900C2AD24 /* GMSPlaceLocationOptions.h in Headers */,
				8A71086926526AE900C2AD24 /* GMSAutocompleteFilter.h in Headers */,
				8A71085D26526AE900C2AD24 /* GMSAutocompleteFetcher.h in Headers */,
				8A71086C26526AE900C2AD24 /* GMSPlaceLikelihood.h in Headers */,
				8A71086126526AE900C2AD24 /* GMSPlaceLikelihoodList.h in Headers */,
				8A71085826526AE900C2AD24 /* GMSPlacesDeprecationUtils.h in Headers */,
				8A71086A26526AE900C2AD24 /* GMSAddressComponent.h in Headers */,
				8A71086E26526AE900C2AD24 /* GMSPlacesErrors.h in Headers */,
				8A71085C26526AE900C2AD24 /* GMSAutocompletePrediction.h in Headers */,
				8A71086026526AE900C2AD24 /* GMSAutocompleteMatchFragment.h in Headers */,
				8A71085F26526AE900C2AD24 /* GMSAutocompleteTableDataSource.h in Headers */,
				8A71086526526AE900C2AD24 /* GMSPlacesClient.h in Headers */,
			);
			runOnlyForDeploymentPostprocessing = 0;
		};
/* End PBXHeadersBuildPhase section */

/* Begin PBXNativeTarget section */
		8A8C8EE925387A0C00F5C247 /* GoogleMaps */ = {
			isa = PBXNativeTarget;
			buildConfigurationList = 8A8C8EF225387A0D00F5C247 /* Build configuration list for PBXNativeTarget "GoogleMaps" */;
			buildPhases = (
				8A8C8EE525387A0C00F5C247 /* Headers */,
				8A8C8EE625387A0C00F5C247 /* Sources */,
				8A8C8EE725387A0C00F5C247 /* Frameworks */,
				8A8C8EE825387A0C00F5C247 /* Resources */,
			);
			buildRules = (
			);
			dependencies = (
				8A6640D125398123000E9321 /* PBXTargetDependency */,
				8A6640D325398123000E9321 /* PBXTargetDependency */,
			);
			name = GoogleMaps;
			productName = GoogleMaps;
			productReference = 8A8C8EEA25387A0C00F5C247 /* GoogleMaps.framework */;
			productType = "com.apple.product-type.framework";
		};
		8A8C8EFB25387A3E00F5C247 /* GoogleMapsBase */ = {
			isa = PBXNativeTarget;
			buildConfigurationList = 8A8C8F0125387A3E00F5C247 /* Build configuration list for PBXNativeTarget "GoogleMapsBase" */;
			buildPhases = (
				8A8C8EF725387A3E00F5C247 /* Headers */,
				8A8C8EF825387A3E00F5C247 /* Sources */,
				8A8C8EF925387A3E00F5C247 /* Frameworks */,
				8A8C8EFA25387A3E00F5C247 /* Resources */,
			);
			buildRules = (
			);
			dependencies = (
			);
			name = GoogleMapsBase;
			productName = GoogleMapsBase;
			productReference = 8A8C8EFC25387A3E00F5C247 /* GoogleMapsBase.framework */;
			productType = "com.apple.product-type.framework";
		};
		8A8C8F0A25387A4B00F5C247 /* GoogleMapsCore */ = {
			isa = PBXNativeTarget;
			buildConfigurationList = 8A8C8F1025387A4B00F5C247 /* Build configuration list for PBXNativeTarget "GoogleMapsCore" */;
			buildPhases = (
				8A8C8F0625387A4B00F5C247 /* Headers */,
				8A8C8F0725387A4B00F5C247 /* Sources */,
				8A8C8F0825387A4B00F5C247 /* Frameworks */,
				8A8C8F0925387A4B00F5C247 /* Resources */,
			);
			buildRules = (
			);
			dependencies = (
			);
			name = GoogleMapsCore;
			productName = GoogleMapsCore;
			productReference = 8A8C8F0B25387A4B00F5C247 /* GoogleMapsCore.framework */;
			productType = "com.apple.product-type.framework";
		};
		8A8C8F1A25387A5800F5C247 /* GoogleMapsM4B */ = {
			isa = PBXNativeTarget;
			buildConfigurationList = 8A8C8F2025387A5800F5C247 /* Build configuration list for PBXNativeTarget "GoogleMapsM4B" */;
			buildPhases = (
				8A8C8F1625387A5800F5C247 /* Headers */,
				8A8C8F1725387A5800F5C247 /* Sources */,
				8A8C8F1825387A5800F5C247 /* Frameworks */,
				8A8C8F1925387A5800F5C247 /* Resources */,
			);
			buildRules = (
			);
			dependencies = (
			);
			name = GoogleMapsM4B;
			productName = GoogleMapsM4B;
			productReference = 8A8C8F1B25387A5800F5C247 /* GoogleMapsM4B.framework */;
			productType = "com.apple.product-type.framework";
		};
		8A8C8F2B25387A7C00F5C247 /* GooglePlaces */ = {
			isa = PBXNativeTarget;
			buildConfigurationList = 8A8C8F3125387A7C00F5C247 /* Build configuration list for PBXNativeTarget "GooglePlaces" */;
			buildPhases = (
				8A8C8F2725387A7C00F5C247 /* Headers */,
				8A8C8F2825387A7C00F5C247 /* Sources */,
				8A8C8F2925387A7C00F5C247 /* Frameworks */,
				8A8C8F2A25387A7C00F5C247 /* Resources */,
			);
			buildRules = (
			);
			dependencies = (
			);
			name = GooglePlaces;
			productName = GooglePlaces;
			productReference = 8A8C8F2C25387A7C00F5C247 /* GooglePlaces.framework */;
			productType = "com.apple.product-type.framework";
		};
/* End PBXNativeTarget section */

/* Begin PBXProject section */
		8A8C8EE125387A0C00F5C247 /* Project object */ = {
			isa = PBXProject;
			attributes = {
				LastUpgradeCheck = 1320;
				TargetAttributes = {
					8A8C8EE925387A0C00F5C247 = {
						CreatedOnToolsVersion = 12.0.1;
					};
					8A8C8EFB25387A3E00F5C247 = {
						CreatedOnToolsVersion = 12.0.1;
					};
					8A8C8F0A25387A4B00F5C247 = {
						CreatedOnToolsVersion = 12.0.1;
					};
					8A8C8F1A25387A5800F5C247 = {
						CreatedOnToolsVersion = 12.0.1;
					};
					8A8C8F2B25387A7C00F5C247 = {
						CreatedOnToolsVersion = 12.0.1;
					};
				};
			};
			buildConfigurationList = 8A8C8EE425387A0C00F5C247 /* Build configuration list for PBXProject "GoogleMaps" */;
			compatibilityVersion = "Xcode 9.3";
			developmentRegion = en;
			hasScannedForEncodings = 0;
			knownRegions = (
				en,
				Base,
			);
			mainGroup = 8A8C8EE025387A0C00F5C247;
			productRefGroup = 8A8C8EEB25387A0C00F5C247 /* Products */;
			projectDirPath = "";
			projectRoot = "";
			targets = (
				8A8C8EE925387A0C00F5C247 /* GoogleMaps */,
				8A8C8EFB25387A3E00F5C247 /* GoogleMapsBase */,
				8A8C8F0A25387A4B00F5C247 /* GoogleMapsCore */,
				8A8C8F1A25387A5800F5C247 /* GoogleMapsM4B */,
				8A8C8F2B25387A7C00F5C247 /* GooglePlaces */,
			);
		};
/* End PBXProject section */

/* Begin PBXResourcesBuildPhase section */
		8A8C8EE825387A0C00F5C247 /* Resources */ = {
			isa = PBXResourcesBuildPhase;
			buildActionMask = 2147483647;
			files = (
				8A08AD10253999110078DE66 /* GoogleMaps.bundle in Resources */,
			);
			runOnlyForDeploymentPostprocessing = 0;
		};
		8A8C8EFA25387A3E00F5C247 /* Resources */ = {
			isa = PBXResourcesBuildPhase;
			buildActionMask = 2147483647;
			files = (
			);
			runOnlyForDeploymentPostprocessing = 0;
		};
		8A8C8F0925387A4B00F5C247 /* Resources */ = {
			isa = PBXResourcesBuildPhase;
			buildActionMask = 2147483647;
			files = (
			);
			runOnlyForDeploymentPostprocessing = 0;
		};
		8A8C8F1925387A5800F5C247 /* Resources */ = {
			isa = PBXResourcesBuildPhase;
			buildActionMask = 2147483647;
			files = (
			);
			runOnlyForDeploymentPostprocessing = 0;
		};
		8A8C8F2A25387A7C00F5C247 /* Resources */ = {
			isa = PBXResourcesBuildPhase;
			buildActionMask = 2147483647;
			files = (
				8A08AD552539996C0078DE66 /* GooglePlaces.bundle in Resources */,
			);
			runOnlyForDeploymentPostprocessing = 0;
		};
/* End PBXResourcesBuildPhase section */

/* Begin PBXSourcesBuildPhase section */
		8A8C8EE625387A0C00F5C247 /* Sources */ = {
			isa = PBXSourcesBuildPhase;
			buildActionMask = 2147483647;
			files = (
			);
			runOnlyForDeploymentPostprocessing = 0;
		};
		8A8C8EF825387A3E00F5C247 /* Sources */ = {
			isa = PBXSourcesBuildPhase;
			buildActionMask = 2147483647;
			files = (
			);
			runOnlyForDeploymentPostprocessing = 0;
		};
		8A8C8F0725387A4B00F5C247 /* Sources */ = {
			isa = PBXSourcesBuildPhase;
			buildActionMask = 2147483647;
			files = (
			);
			runOnlyForDeploymentPostprocessing = 0;
		};
		8A8C8F1725387A5800F5C247 /* Sources */ = {
			isa = PBXSourcesBuildPhase;
			buildActionMask = 2147483647;
			files = (
			);
			runOnlyForDeploymentPostprocessing = 0;
		};
		8A8C8F2825387A7C00F5C247 /* Sources */ = {
			isa = PBXSourcesBuildPhase;
			buildActionMask = 2147483647;
			files = (
			);
			runOnlyForDeploymentPostprocessing = 0;
		};
/* End PBXSourcesBuildPhase section */

/* Begin PBXTargetDependency section */
		8A6640D125398123000E9321 /* PBXTargetDependency */ = {
			isa = PBXTargetDependency;
			target = 8A8C8EFB25387A3E00F5C247 /* GoogleMapsBase */;
			targetProxy = 8A6640D025398123000E9321 /* PBXContainerItemProxy */;
		};
		8A6640D325398123000E9321 /* PBXTargetDependency */ = {
			isa = PBXTargetDependency;
			target = 8A8C8F0A25387A4B00F5C247 /* GoogleMapsCore */;
			targetProxy = 8A6640D225398123000E9321 /* PBXContainerItemProxy */;
		};
/* End PBXTargetDependency section */

/* Begin XCBuildConfiguration section */
		8A66422225398783000E9321 /* Simulator Release */ = {
			isa = XCBuildConfiguration;
			buildSettings = {
				ALWAYS_SEARCH_USER_PATHS = NO;
				CLANG_ANALYZER_NONNULL = YES;
				CLANG_ANALYZER_NUMBER_OBJECT_CONVERSION = YES_AGGRESSIVE;
				CLANG_CXX_LANGUAGE_STANDARD = "gnu++14";
				CLANG_CXX_LIBRARY = "libc++";
				CLANG_ENABLE_MODULES = YES;
				CLANG_ENABLE_OBJC_ARC = YES;
				CLANG_ENABLE_OBJC_WEAK = YES;
				CLANG_WARN_BLOCK_CAPTURE_AUTORELEASING = YES;
				CLANG_WARN_BOOL_CONVERSION = YES;
				CLANG_WARN_COMMA = YES;
				CLANG_WARN_CONSTANT_CONVERSION = YES;
				CLANG_WARN_DEPRECATED_OBJC_IMPLEMENTATIONS = YES;
				CLANG_WARN_DIRECT_OBJC_ISA_USAGE = YES_ERROR;
				CLANG_WARN_DOCUMENTATION_COMMENTS = YES;
				CLANG_WARN_EMPTY_BODY = YES;
				CLANG_WARN_ENUM_CONVERSION = YES;
				CLANG_WARN_INFINITE_RECURSION = YES;
				CLANG_WARN_INT_CONVERSION = YES;
				CLANG_WARN_NON_LITERAL_NULL_CONVERSION = YES;
				CLANG_WARN_OBJC_IMPLICIT_RETAIN_SELF = YES;
				CLANG_WARN_OBJC_LITERAL_CONVERSION = YES;
				CLANG_WARN_OBJC_ROOT_CLASS = YES_ERROR;
				CLANG_WARN_QUOTED_INCLUDE_IN_FRAMEWORK_HEADER = YES;
				CLANG_WARN_RANGE_LOOP_ANALYSIS = YES;
				CLANG_WARN_STRICT_PROTOTYPES = YES;
				CLANG_WARN_SUSPICIOUS_MOVE = YES;
				CLANG_WARN_UNGUARDED_AVAILABILITY = YES_AGGRESSIVE;
				CLANG_WARN_UNREACHABLE_CODE = YES;
				CLANG_WARN__DUPLICATE_METHOD_MATCH = YES;
				COPY_PHASE_STRIP = NO;
				CURRENT_PROJECT_VERSION = 1;
				DEBUG_INFORMATION_FORMAT = "dwarf-with-dsym";
				ENABLE_NS_ASSERTIONS = NO;
				ENABLE_STRICT_OBJC_MSGSEND = YES;
				GCC_C_LANGUAGE_STANDARD = gnu11;
				GCC_NO_COMMON_BLOCKS = YES;
				GCC_WARN_64_TO_32_BIT_CONVERSION = YES;
				GCC_WARN_ABOUT_RETURN_TYPE = YES_ERROR;
				GCC_WARN_UNDECLARED_SELECTOR = YES;
				GCC_WARN_UNINITIALIZED_AUTOS = YES_AGGRESSIVE;
				GCC_WARN_UNUSED_FUNCTION = YES;
				GCC_WARN_UNUSED_VARIABLE = YES;
				IPHONEOS_DEPLOYMENT_TARGET = 12.0;
				MTL_ENABLE_DEBUG_INFO = NO;
				MTL_FAST_MATH = YES;
				SDKROOT = iphoneos;
				VALIDATE_PRODUCT = YES;
				VERSIONING_SYSTEM = "apple-generic";
				VERSION_INFO_PREFIX = "";
			};
			name = "Simulator Release";
		};
		8A66422325398783000E9321 /* Simulator Release */ = {
			isa = XCBuildConfiguration;
			buildSettings = {
				BUILD_LIBRARY_FOR_DISTRIBUTION = YES;
				CODE_SIGN_STYLE = Automatic;
				CURRENT_PROJECT_VERSION = 060000;
				DEFINES_MODULE = YES;
				DEVELOPMENT_TEAM = 5PL9B9HNUS;
				DYLIB_COMPATIBILITY_VERSION = 1;
				DYLIB_CURRENT_VERSION = 1;
				DYLIB_INSTALL_NAME_BASE = "@rpath";
				EXCLUDED_ARCHS = arm64;
				INFOPLIST_FILE = GoogleMaps/Info.plist;
				INSTALL_PATH = "$(LOCAL_LIBRARY_DIR)/Frameworks";
				IPHONEOS_DEPLOYMENT_TARGET = 12.0;
				LD_RUNPATH_SEARCH_PATHS = (
					"$(inherited)",
					"@executable_path/Frameworks",
					"@loader_path/Frameworks",
				);
				MACH_O_TYPE = mh_dylib;
				MARKETING_VERSION = 6.0.0;
				MODULEMAP_FILE = Carthage/Build/iOS/GoogleMaps.framework/Modules/module.modulemap;
				OTHER_LDFLAGS = "-ObjC";
				PRODUCT_BUNDLE_IDENTIFIER = com.yassir.ios.GoogleMaps;
				PRODUCT_NAME = "$(TARGET_NAME:c99extidentifier)";
				SKIP_INSTALL = YES;
				SUPPORTS_MACCATALYST = NO;
				TARGETED_DEVICE_FAMILY = "1,2";
			};
			name = "Simulator Release";
		};
		8A66422425398783000E9321 /* Simulator Release */ = {
			isa = XCBuildConfiguration;
			buildSettings = {
				BUILD_LIBRARY_FOR_DISTRIBUTION = YES;
				CODE_SIGN_STYLE = Automatic;
				CURRENT_PROJECT_VERSION = 060000;
				DEFINES_MODULE = YES;
				DEVELOPMENT_TEAM = 5PL9B9HNUS;
				DYLIB_COMPATIBILITY_VERSION = 1;
				DYLIB_CURRENT_VERSION = 1;
				DYLIB_INSTALL_NAME_BASE = "@rpath";
				EXCLUDED_ARCHS = arm64;
				INFOPLIST_FILE = GoogleMapsBase/Info.plist;
				INSTALL_PATH = "$(LOCAL_LIBRARY_DIR)/Frameworks";
				IPHONEOS_DEPLOYMENT_TARGET = 12.0;
				LD_RUNPATH_SEARCH_PATHS = (
					"$(inherited)",
					"@executable_path/Frameworks",
					"@loader_path/Frameworks",
				);
				MARKETING_VERSION = 6.0.0;
				MODULEMAP_FILE = Carthage/Build/iOS/GoogleMapsBase.framework/Modules/module.modulemap;
				PRODUCT_BUNDLE_IDENTIFIER = com.yassir.ios.GoogleMapsBase;
				PRODUCT_NAME = "$(TARGET_NAME:c99extidentifier)";
				SKIP_INSTALL = YES;
				SUPPORTS_MACCATALYST = NO;
				TARGETED_DEVICE_FAMILY = "1,2";
			};
			name = "Simulator Release";
		};
		8A66422525398783000E9321 /* Simulator Release */ = {
			isa = XCBuildConfiguration;
			buildSettings = {
				BUILD_LIBRARY_FOR_DISTRIBUTION = YES;
				CODE_SIGN_STYLE = Automatic;
				CURRENT_PROJECT_VERSION = 060000;
				DEFINES_MODULE = YES;
				DEVELOPMENT_TEAM = 5PL9B9HNUS;
				DYLIB_COMPATIBILITY_VERSION = 1;
				DYLIB_CURRENT_VERSION = 1;
				DYLIB_INSTALL_NAME_BASE = "@rpath";
				EXCLUDED_ARCHS = arm64;
				INFOPLIST_FILE = GoogleMapsCore/Info.plist;
				INSTALL_PATH = "$(LOCAL_LIBRARY_DIR)/Frameworks";
				IPHONEOS_DEPLOYMENT_TARGET = 12.0;
				LD_RUNPATH_SEARCH_PATHS = (
					"$(inherited)",
					"@executable_path/Frameworks",
					"@loader_path/Frameworks",
				);
				MARKETING_VERSION = 6.0.0;
				MODULEMAP_FILE = Carthage/Build/iOS/GoogleMapsCore.framework/Modules/module.modulemap;
				PRODUCT_BUNDLE_IDENTIFIER = com.yassir.ios.GoogleMapsCore;
				PRODUCT_NAME = "$(TARGET_NAME:c99extidentifier)";
				SKIP_INSTALL = YES;
				SUPPORTS_MACCATALYST = NO;
				TARGETED_DEVICE_FAMILY = "1,2";
			};
			name = "Simulator Release";
		};
		8A66422625398783000E9321 /* Simulator Release */ = {
			isa = XCBuildConfiguration;
			buildSettings = {
				BUILD_LIBRARY_FOR_DISTRIBUTION = YES;
				CODE_SIGN_STYLE = Automatic;
				CURRENT_PROJECT_VERSION = 060000;
				DEFINES_MODULE = YES;
				DEVELOPMENT_TEAM = 5PL9B9HNUS;
				DYLIB_COMPATIBILITY_VERSION = 1;
				DYLIB_CURRENT_VERSION = 1;
				DYLIB_INSTALL_NAME_BASE = "@rpath";
				EXCLUDED_ARCHS = arm64;
				INFOPLIST_FILE = GoogleMapsM4B/Info.plist;
				INSTALL_PATH = "$(LOCAL_LIBRARY_DIR)/Frameworks";
				IPHONEOS_DEPLOYMENT_TARGET = 12.0;
				LD_RUNPATH_SEARCH_PATHS = (
					"$(inherited)",
					"@executable_path/Frameworks",
					"@loader_path/Frameworks",
				);
				MARKETING_VERSION = 6.0.0;
				MODULEMAP_FILE = Carthage/Build/iOS/GoogleMapsM4B.framework/Modules/module.modulemap;
				PRODUCT_BUNDLE_IDENTIFIER = com.yassir.ios.GoogleMapsM4B;
				PRODUCT_NAME = "$(TARGET_NAME:c99extidentifier)";
				SKIP_INSTALL = YES;
				SUPPORTS_MACCATALYST = NO;
				TARGETED_DEVICE_FAMILY = "1,2";
			};
			name = "Simulator Release";
		};
		8A66422725398783000E9321 /* Simulator Release */ = {
			isa = XCBuildConfiguration;
			buildSettings = {
				BUILD_LIBRARY_FOR_DISTRIBUTION = YES;
				CODE_SIGN_STYLE = Automatic;
				CURRENT_PROJECT_VERSION = 060000;
				DEFINES_MODULE = YES;
				DEVELOPMENT_TEAM = 5PL9B9HNUS;
				DYLIB_COMPATIBILITY_VERSION = 1;
				DYLIB_CURRENT_VERSION = 1;
				DYLIB_INSTALL_NAME_BASE = "@rpath";
				EXCLUDED_ARCHS = arm64;
				INFOPLIST_FILE = GooglePlaces/Info.plist;
				INSTALL_PATH = "$(LOCAL_LIBRARY_DIR)/Frameworks";
				IPHONEOS_DEPLOYMENT_TARGET = 12.0;
				LD_RUNPATH_SEARCH_PATHS = (
					"$(inherited)",
					"@executable_path/Frameworks",
					"@loader_path/Frameworks",
				);
				MARKETING_VERSION = 6.0.0;
				MODULEMAP_FILE = Carthage/Build/iOS/GooglePlaces.framework/Modules/module.modulemap;
				PRODUCT_BUNDLE_IDENTIFIER = com.yassir.ios.GooglePlaces;
				PRODUCT_NAME = "$(TARGET_NAME:c99extidentifier)";
				SKIP_INSTALL = YES;
				SUPPORTS_MACCATALYST = NO;
				TARGETED_DEVICE_FAMILY = "1,2";
			};
			name = "Simulator Release";
		};
		8A8C8EF025387A0D00F5C247 /* Debug */ = {
			isa = XCBuildConfiguration;
			buildSettings = {
				ALWAYS_SEARCH_USER_PATHS = NO;
				CLANG_ANALYZER_NONNULL = YES;
				CLANG_ANALYZER_NUMBER_OBJECT_CONVERSION = YES_AGGRESSIVE;
				CLANG_CXX_LANGUAGE_STANDARD = "gnu++14";
				CLANG_CXX_LIBRARY = "libc++";
				CLANG_ENABLE_MODULES = YES;
				CLANG_ENABLE_OBJC_ARC = YES;
				CLANG_ENABLE_OBJC_WEAK = YES;
				CLANG_WARN_BLOCK_CAPTURE_AUTORELEASING = YES;
				CLANG_WARN_BOOL_CONVERSION = YES;
				CLANG_WARN_COMMA = YES;
				CLANG_WARN_CONSTANT_CONVERSION = YES;
				CLANG_WARN_DEPRECATED_OBJC_IMPLEMENTATIONS = YES;
				CLANG_WARN_DIRECT_OBJC_ISA_USAGE = YES_ERROR;
				CLANG_WARN_DOCUMENTATION_COMMENTS = YES;
				CLANG_WARN_EMPTY_BODY = YES;
				CLANG_WARN_ENUM_CONVERSION = YES;
				CLANG_WARN_INFINITE_RECURSION = YES;
				CLANG_WARN_INT_CONVERSION = YES;
				CLANG_WARN_NON_LITERAL_NULL_CONVERSION = YES;
				CLANG_WARN_OBJC_IMPLICIT_RETAIN_SELF = YES;
				CLANG_WARN_OBJC_LITERAL_CONVERSION = YES;
				CLANG_WARN_OBJC_ROOT_CLASS = YES_ERROR;
				CLANG_WARN_QUOTED_INCLUDE_IN_FRAMEWORK_HEADER = YES;
				CLANG_WARN_RANGE_LOOP_ANALYSIS = YES;
				CLANG_WARN_STRICT_PROTOTYPES = YES;
				CLANG_WARN_SUSPICIOUS_MOVE = YES;
				CLANG_WARN_UNGUARDED_AVAILABILITY = YES_AGGRESSIVE;
				CLANG_WARN_UNREACHABLE_CODE = YES;
				CLANG_WARN__DUPLICATE_METHOD_MATCH = YES;
				COPY_PHASE_STRIP = NO;
				CURRENT_PROJECT_VERSION = 1;
				DEBUG_INFORMATION_FORMAT = dwarf;
				ENABLE_STRICT_OBJC_MSGSEND = YES;
				ENABLE_TESTABILITY = YES;
				GCC_C_LANGUAGE_STANDARD = gnu11;
				GCC_DYNAMIC_NO_PIC = NO;
				GCC_NO_COMMON_BLOCKS = YES;
				GCC_OPTIMIZATION_LEVEL = 0;
				GCC_PREPROCESSOR_DEFINITIONS = (
					"DEBUG=1",
					"$(inherited)",
				);
				GCC_WARN_64_TO_32_BIT_CONVERSION = YES;
				GCC_WARN_ABOUT_RETURN_TYPE = YES_ERROR;
				GCC_WARN_UNDECLARED_SELECTOR = YES;
				GCC_WARN_UNINITIALIZED_AUTOS = YES_AGGRESSIVE;
				GCC_WARN_UNUSED_FUNCTION = YES;
				GCC_WARN_UNUSED_VARIABLE = YES;
				IPHONEOS_DEPLOYMENT_TARGET = 12.0;
				MTL_ENABLE_DEBUG_INFO = INCLUDE_SOURCE;
				MTL_FAST_MATH = YES;
				ONLY_ACTIVE_ARCH = YES;
				SDKROOT = iphoneos;
				VERSIONING_SYSTEM = "apple-generic";
				VERSION_INFO_PREFIX = "";
			};
			name = Debug;
		};
		8A8C8EF125387A0D00F5C247 /* Release */ = {
			isa = XCBuildConfiguration;
			buildSettings = {
				ALWAYS_SEARCH_USER_PATHS = NO;
				CLANG_ANALYZER_NONNULL = YES;
				CLANG_ANALYZER_NUMBER_OBJECT_CONVERSION = YES_AGGRESSIVE;
				CLANG_CXX_LANGUAGE_STANDARD = "gnu++14";
				CLANG_CXX_LIBRARY = "libc++";
				CLANG_ENABLE_MODULES = YES;
				CLANG_ENABLE_OBJC_ARC = YES;
				CLANG_ENABLE_OBJC_WEAK = YES;
				CLANG_WARN_BLOCK_CAPTURE_AUTORELEASING = YES;
				CLANG_WARN_BOOL_CONVERSION = YES;
				CLANG_WARN_COMMA = YES;
				CLANG_WARN_CONSTANT_CONVERSION = YES;
				CLANG_WARN_DEPRECATED_OBJC_IMPLEMENTATIONS = YES;
				CLANG_WARN_DIRECT_OBJC_ISA_USAGE = YES_ERROR;
				CLANG_WARN_DOCUMENTATION_COMMENTS = YES;
				CLANG_WARN_EMPTY_BODY = YES;
				CLANG_WARN_ENUM_CONVERSION = YES;
				CLANG_WARN_INFINITE_RECURSION = YES;
				CLANG_WARN_INT_CONVERSION = YES;
				CLANG_WARN_NON_LITERAL_NULL_CONVERSION = YES;
				CLANG_WARN_OBJC_IMPLICIT_RETAIN_SELF = YES;
				CLANG_WARN_OBJC_LITERAL_CONVERSION = YES;
				CLANG_WARN_OBJC_ROOT_CLASS = YES_ERROR;
				CLANG_WARN_QUOTED_INCLUDE_IN_FRAMEWORK_HEADER = YES;
				CLANG_WARN_RANGE_LOOP_ANALYSIS = YES;
				CLANG_WARN_STRICT_PROTOTYPES = YES;
				CLANG_WARN_SUSPICIOUS_MOVE = YES;
				CLANG_WARN_UNGUARDED_AVAILABILITY = YES_AGGRESSIVE;
				CLANG_WARN_UNREACHABLE_CODE = YES;
				CLANG_WARN__DUPLICATE_METHOD_MATCH = YES;
				COPY_PHASE_STRIP = NO;
				CURRENT_PROJECT_VERSION = 1;
				DEBUG_INFORMATION_FORMAT = "dwarf-with-dsym";
				ENABLE_NS_ASSERTIONS = NO;
				ENABLE_STRICT_OBJC_MSGSEND = YES;
				GCC_C_LANGUAGE_STANDARD = gnu11;
				GCC_NO_COMMON_BLOCKS = YES;
				GCC_WARN_64_TO_32_BIT_CONVERSION = YES;
				GCC_WARN_ABOUT_RETURN_TYPE = YES_ERROR;
				GCC_WARN_UNDECLARED_SELECTOR = YES;
				GCC_WARN_UNINITIALIZED_AUTOS = YES_AGGRESSIVE;
				GCC_WARN_UNUSED_FUNCTION = YES;
				GCC_WARN_UNUSED_VARIABLE = YES;
				IPHONEOS_DEPLOYMENT_TARGET = 12.0;
				MTL_ENABLE_DEBUG_INFO = NO;
				MTL_FAST_MATH = YES;
				SDKROOT = iphoneos;
				VALIDATE_PRODUCT = YES;
				VERSIONING_SYSTEM = "apple-generic";
				VERSION_INFO_PREFIX = "";
			};
			name = Release;
		};
		8A8C8EF325387A0D00F5C247 /* Debug */ = {
			isa = XCBuildConfiguration;
			buildSettings = {
				BUILD_LIBRARY_FOR_DISTRIBUTION = YES;
				CODE_SIGN_STYLE = Automatic;
				CURRENT_PROJECT_VERSION = 060000;
				DEFINES_MODULE = YES;
				DEVELOPMENT_TEAM = 5PL9B9HNUS;
				DYLIB_COMPATIBILITY_VERSION = 1;
				DYLIB_CURRENT_VERSION = 1;
				DYLIB_INSTALL_NAME_BASE = "@rpath";
				INFOPLIST_FILE = GoogleMaps/Info.plist;
				INSTALL_PATH = "$(LOCAL_LIBRARY_DIR)/Frameworks";
				IPHONEOS_DEPLOYMENT_TARGET = 12.0;
				LD_RUNPATH_SEARCH_PATHS = (
					"$(inherited)",
					"@executable_path/Frameworks",
					"@loader_path/Frameworks",
				);
				MACH_O_TYPE = mh_dylib;
				MARKETING_VERSION = 6.0.0;
				MODULEMAP_FILE = Carthage/Build/iOS/GoogleMaps.framework/Modules/module.modulemap;
				OTHER_LDFLAGS = "-ObjC";
				PRODUCT_BUNDLE_IDENTIFIER = com.yassir.ios.GoogleMaps;
				PRODUCT_NAME = "$(TARGET_NAME:c99extidentifier)";
				SKIP_INSTALL = YES;
				SUPPORTS_MACCATALYST = NO;
				TARGETED_DEVICE_FAMILY = "1,2";
			};
			name = Debug;
		};
		8A8C8EF425387A0D00F5C247 /* Release */ = {
			isa = XCBuildConfiguration;
			buildSettings = {
				BUILD_LIBRARY_FOR_DISTRIBUTION = YES;
				CODE_SIGN_STYLE = Automatic;
				CURRENT_PROJECT_VERSION = 060000;
				DEFINES_MODULE = YES;
				DEVELOPMENT_TEAM = 5PL9B9HNUS;
				DYLIB_COMPATIBILITY_VERSION = 1;
				DYLIB_CURRENT_VERSION = 1;
				DYLIB_INSTALL_NAME_BASE = "@rpath";
				INFOPLIST_FILE = GoogleMaps/Info.plist;
				INSTALL_PATH = "$(LOCAL_LIBRARY_DIR)/Frameworks";
				IPHONEOS_DEPLOYMENT_TARGET = 12.0;
				LD_RUNPATH_SEARCH_PATHS = (
					"$(inherited)",
					"@executable_path/Frameworks",
					"@loader_path/Frameworks",
				);
				MACH_O_TYPE = mh_dylib;
				MARKETING_VERSION = 6.0.0;
				MODULEMAP_FILE = Carthage/Build/iOS/GoogleMaps.framework/Modules/module.modulemap;
				OTHER_LDFLAGS = "-ObjC";
				PRODUCT_BUNDLE_IDENTIFIER = com.yassir.ios.GoogleMaps;
				PRODUCT_NAME = "$(TARGET_NAME:c99extidentifier)";
				SKIP_INSTALL = YES;
				SUPPORTS_MACCATALYST = NO;
				TARGETED_DEVICE_FAMILY = "1,2";
			};
			name = Release;
		};
		8A8C8F0225387A3E00F5C247 /* Debug */ = {
			isa = XCBuildConfiguration;
			buildSettings = {
				BUILD_LIBRARY_FOR_DISTRIBUTION = YES;
				CODE_SIGN_STYLE = Automatic;
				CURRENT_PROJECT_VERSION = 060000;
				DEFINES_MODULE = YES;
				DEVELOPMENT_TEAM = 5PL9B9HNUS;
				DYLIB_COMPATIBILITY_VERSION = 1;
				DYLIB_CURRENT_VERSION = 1;
				DYLIB_INSTALL_NAME_BASE = "@rpath";
				INFOPLIST_FILE = GoogleMapsBase/Info.plist;
				INSTALL_PATH = "$(LOCAL_LIBRARY_DIR)/Frameworks";
				IPHONEOS_DEPLOYMENT_TARGET = 12.0;
				LD_RUNPATH_SEARCH_PATHS = (
					"$(inherited)",
					"@executable_path/Frameworks",
					"@loader_path/Frameworks",
				);
				MARKETING_VERSION = 6.0.0;
				MODULEMAP_FILE = Carthage/Build/iOS/GoogleMapsBase.framework/Modules/module.modulemap;
				PRODUCT_BUNDLE_IDENTIFIER = com.yassir.ios.GoogleMapsBase;
				PRODUCT_NAME = "$(TARGET_NAME:c99extidentifier)";
				SKIP_INSTALL = YES;
				SUPPORTS_MACCATALYST = NO;
				TARGETED_DEVICE_FAMILY = "1,2";
			};
			name = Debug;
		};
		8A8C8F0325387A3E00F5C247 /* Release */ = {
			isa = XCBuildConfiguration;
			buildSettings = {
				BUILD_LIBRARY_FOR_DISTRIBUTION = YES;
				CODE_SIGN_STYLE = Automatic;
				CURRENT_PROJECT_VERSION = 060000;
				DEFINES_MODULE = YES;
				DEVELOPMENT_TEAM = 5PL9B9HNUS;
				DYLIB_COMPATIBILITY_VERSION = 1;
				DYLIB_CURRENT_VERSION = 1;
				DYLIB_INSTALL_NAME_BASE = "@rpath";
				INFOPLIST_FILE = GoogleMapsBase/Info.plist;
				INSTALL_PATH = "$(LOCAL_LIBRARY_DIR)/Frameworks";
				IPHONEOS_DEPLOYMENT_TARGET = 12.0;
				LD_RUNPATH_SEARCH_PATHS = (
					"$(inherited)",
					"@executable_path/Frameworks",
					"@loader_path/Frameworks",
				);
				MARKETING_VERSION = 6.0.0;
				MODULEMAP_FILE = Carthage/Build/iOS/GoogleMapsBase.framework/Modules/module.modulemap;
				PRODUCT_BUNDLE_IDENTIFIER = com.yassir.ios.GoogleMapsBase;
				PRODUCT_NAME = "$(TARGET_NAME:c99extidentifier)";
				SKIP_INSTALL = YES;
				SUPPORTS_MACCATALYST = NO;
				TARGETED_DEVICE_FAMILY = "1,2";
			};
			name = Release;
		};
		8A8C8F1125387A4B00F5C247 /* Debug */ = {
			isa = XCBuildConfiguration;
			buildSettings = {
				BUILD_LIBRARY_FOR_DISTRIBUTION = YES;
				CODE_SIGN_STYLE = Automatic;
				CURRENT_PROJECT_VERSION = 060000;
				DEFINES_MODULE = YES;
				DEVELOPMENT_TEAM = 5PL9B9HNUS;
				DYLIB_COMPATIBILITY_VERSION = 1;
				DYLIB_CURRENT_VERSION = 1;
				DYLIB_INSTALL_NAME_BASE = "@rpath";
				INFOPLIST_FILE = GoogleMapsCore/Info.plist;
				INSTALL_PATH = "$(LOCAL_LIBRARY_DIR)/Frameworks";
				IPHONEOS_DEPLOYMENT_TARGET = 12.0;
				LD_RUNPATH_SEARCH_PATHS = (
					"$(inherited)",
					"@executable_path/Frameworks",
					"@loader_path/Frameworks",
				);
				MARKETING_VERSION = 6.0.0;
				MODULEMAP_FILE = Carthage/Build/iOS/GoogleMapsCore.framework/Modules/module.modulemap;
				PRODUCT_BUNDLE_IDENTIFIER = com.yassir.ios.GoogleMapsCore;
				PRODUCT_NAME = "$(TARGET_NAME:c99extidentifier)";
				SKIP_INSTALL = YES;
				SUPPORTS_MACCATALYST = NO;
				TARGETED_DEVICE_FAMILY = "1,2";
			};
			name = Debug;
		};
		8A8C8F1225387A4B00F5C247 /* Release */ = {
			isa = XCBuildConfiguration;
			buildSettings = {
				BUILD_LIBRARY_FOR_DISTRIBUTION = YES;
				CODE_SIGN_STYLE = Automatic;
				CURRENT_PROJECT_VERSION = 060000;
				DEFINES_MODULE = YES;
				DEVELOPMENT_TEAM = 5PL9B9HNUS;
				DYLIB_COMPATIBILITY_VERSION = 1;
				DYLIB_CURRENT_VERSION = 1;
				DYLIB_INSTALL_NAME_BASE = "@rpath";
				INFOPLIST_FILE = GoogleMapsCore/Info.plist;
				INSTALL_PATH = "$(LOCAL_LIBRARY_DIR)/Frameworks";
				IPHONEOS_DEPLOYMENT_TARGET = 12.0;
				LD_RUNPATH_SEARCH_PATHS = (
					"$(inherited)",
					"@executable_path/Frameworks",
					"@loader_path/Frameworks",
				);
				MARKETING_VERSION = 6.0.0;
				MODULEMAP_FILE = Carthage/Build/iOS/GoogleMapsCore.framework/Modules/module.modulemap;
				PRODUCT_BUNDLE_IDENTIFIER = com.yassir.ios.GoogleMapsCore;
				PRODUCT_NAME = "$(TARGET_NAME:c99extidentifier)";
				SKIP_INSTALL = YES;
				SUPPORTS_MACCATALYST = NO;
				TARGETED_DEVICE_FAMILY = "1,2";
			};
			name = Release;
		};
		8A8C8F2125387A5800F5C247 /* Debug */ = {
			isa = XCBuildConfiguration;
			buildSettings = {
				BUILD_LIBRARY_FOR_DISTRIBUTION = YES;
				CODE_SIGN_STYLE = Automatic;
				CURRENT_PROJECT_VERSION = 060000;
				DEFINES_MODULE = YES;
				DEVELOPMENT_TEAM = 5PL9B9HNUS;
				DYLIB_COMPATIBILITY_VERSION = 1;
				DYLIB_CURRENT_VERSION = 1;
				DYLIB_INSTALL_NAME_BASE = "@rpath";
				INFOPLIST_FILE = GoogleMapsM4B/Info.plist;
				INSTALL_PATH = "$(LOCAL_LIBRARY_DIR)/Frameworks";
				IPHONEOS_DEPLOYMENT_TARGET = 12.0;
				LD_RUNPATH_SEARCH_PATHS = (
					"$(inherited)",
					"@executable_path/Frameworks",
					"@loader_path/Frameworks",
				);
				MARKETING_VERSION = 6.0.0;
				MODULEMAP_FILE = Carthage/Build/iOS/GoogleMapsM4B.framework/Modules/module.modulemap;
				PRODUCT_BUNDLE_IDENTIFIER = com.yassir.ios.GoogleMapsM4B;
				PRODUCT_NAME = "$(TARGET_NAME:c99extidentifier)";
				SKIP_INSTALL = YES;
				SUPPORTS_MACCATALYST = NO;
				TARGETED_DEVICE_FAMILY = "1,2";
			};
			name = Debug;
		};
		8A8C8F2225387A5800F5C247 /* Release */ = {
			isa = XCBuildConfiguration;
			buildSettings = {
				BUILD_LIBRARY_FOR_DISTRIBUTION = YES;
				CODE_SIGN_STYLE = Automatic;
				CURRENT_PROJECT_VERSION = 060000;
				DEFINES_MODULE = YES;
				DEVELOPMENT_TEAM = 5PL9B9HNUS;
				DYLIB_COMPATIBILITY_VERSION = 1;
				DYLIB_CURRENT_VERSION = 1;
				DYLIB_INSTALL_NAME_BASE = "@rpath";
				INFOPLIST_FILE = GoogleMapsM4B/Info.plist;
				INSTALL_PATH = "$(LOCAL_LIBRARY_DIR)/Frameworks";
				IPHONEOS_DEPLOYMENT_TARGET = 12.0;
				LD_RUNPATH_SEARCH_PATHS = (
					"$(inherited)",
					"@executable_path/Frameworks",
					"@loader_path/Frameworks",
				);
				MARKETING_VERSION = 6.0.0;
				MODULEMAP_FILE = Carthage/Build/iOS/GoogleMapsM4B.framework/Modules/module.modulemap;
				PRODUCT_BUNDLE_IDENTIFIER = com.yassir.ios.GoogleMapsM4B;
				PRODUCT_NAME = "$(TARGET_NAME:c99extidentifier)";
				SKIP_INSTALL = YES;
				SUPPORTS_MACCATALYST = NO;
				TARGETED_DEVICE_FAMILY = "1,2";
			};
			name = Release;
		};
		8A8C8F3225387A7C00F5C247 /* Debug */ = {
			isa = XCBuildConfiguration;
			buildSettings = {
				BUILD_LIBRARY_FOR_DISTRIBUTION = YES;
				CODE_SIGN_STYLE = Automatic;
				CURRENT_PROJECT_VERSION = 060000;
				DEFINES_MODULE = YES;
				DEVELOPMENT_TEAM = 5PL9B9HNUS;
				DYLIB_COMPATIBILITY_VERSION = 1;
				DYLIB_CURRENT_VERSION = 1;
				DYLIB_INSTALL_NAME_BASE = "@rpath";
				INFOPLIST_FILE = GooglePlaces/Info.plist;
				INSTALL_PATH = "$(LOCAL_LIBRARY_DIR)/Frameworks";
				IPHONEOS_DEPLOYMENT_TARGET = 12.0;
				LD_RUNPATH_SEARCH_PATHS = (
					"$(inherited)",
					"@executable_path/Frameworks",
					"@loader_path/Frameworks",
				);
				MARKETING_VERSION = 6.0.0;
				MODULEMAP_FILE = Carthage/Build/iOS/GooglePlaces.framework/Modules/module.modulemap;
				PRODUCT_BUNDLE_IDENTIFIER = com.yassir.ios.GooglePlaces;
				PRODUCT_NAME = "$(TARGET_NAME:c99extidentifier)";
				SKIP_INSTALL = YES;
				SUPPORTS_MACCATALYST = NO;
				TARGETED_DEVICE_FAMILY = "1,2";
			};
			name = Debug;
		};
		8A8C8F3325387A7C00F5C247 /* Release */ = {
			isa = XCBuildConfiguration;
			buildSettings = {
				BUILD_LIBRARY_FOR_DISTRIBUTION = YES;
				CODE_SIGN_STYLE = Automatic;
				CURRENT_PROJECT_VERSION = 060000;
				DEFINES_MODULE = YES;
				DEVELOPMENT_TEAM = 5PL9B9HNUS;
				DYLIB_COMPATIBILITY_VERSION = 1;
				DYLIB_CURRENT_VERSION = 1;
				DYLIB_INSTALL_NAME_BASE = "@rpath";
				INFOPLIST_FILE = GooglePlaces/Info.plist;
				INSTALL_PATH = "$(LOCAL_LIBRARY_DIR)/Frameworks";
				IPHONEOS_DEPLOYMENT_TARGET = 12.0;
				LD_RUNPATH_SEARCH_PATHS = (
					"$(inherited)",
					"@executable_path/Frameworks",
					"@loader_path/Frameworks",
				);
				MARKETING_VERSION = 6.0.0;
				MODULEMAP_FILE = Carthage/Build/iOS/GooglePlaces.framework/Modules/module.modulemap;
				PRODUCT_BUNDLE_IDENTIFIER = com.yassir.ios.GooglePlaces;
				PRODUCT_NAME = "$(TARGET_NAME:c99extidentifier)";
				SKIP_INSTALL = YES;
				SUPPORTS_MACCATALYST = NO;
				TARGETED_DEVICE_FAMILY = "1,2";
			};
			name = Release;
		};
/* End XCBuildConfiguration section */

/* Begin XCConfigurationList section */
		8A8C8EE425387A0C00F5C247 /* Build configuration list for PBXProject "GoogleMaps" */ = {
			isa = XCConfigurationList;
			buildConfigurations = (
				8A8C8EF025387A0D00F5C247 /* Debug */,
				8A8C8EF125387A0D00F5C247 /* Release */,
				8A66422225398783000E9321 /* Simulator Release */,
			);
			defaultConfigurationIsVisible = 0;
			defaultConfigurationName = Release;
		};
		8A8C8EF225387A0D00F5C247 /* Build configuration list for PBXNativeTarget "GoogleMaps" */ = {
			isa = XCConfigurationList;
			buildConfigurations = (
				8A8C8EF325387A0D00F5C247 /* Debug */,
				8A8C8EF425387A0D00F5C247 /* Release */,
				8A66422325398783000E9321 /* Simulator Release */,
			);
			defaultConfigurationIsVisible = 0;
			defaultConfigurationName = Release;
		};
		8A8C8F0125387A3E00F5C247 /* Build configuration list for PBXNativeTarget "GoogleMapsBase" */ = {
			isa = XCConfigurationList;
			buildConfigurations = (
				8A8C8F0225387A3E00F5C247 /* Debug */,
				8A8C8F0325387A3E00F5C247 /* Release */,
				8A66422425398783000E9321 /* Simulator Release */,
			);
			defaultConfigurationIsVisible = 0;
			defaultConfigurationName = Release;
		};
		8A8C8F1025387A4B00F5C247 /* Build configuration list for PBXNativeTarget "GoogleMapsCore" */ = {
			isa = XCConfigurationList;
			buildConfigurations = (
				8A8C8F1125387A4B00F5C247 /* Debug */,
				8A8C8F1225387A4B00F5C247 /* Release */,
				8A66422525398783000E9321 /* Simulator Release */,
			);
			defaultConfigurationIsVisible = 0;
			defaultConfigurationName = Release;
		};
		8A8C8F2025387A5800F5C247 /* Build configuration list for PBXNativeTarget "GoogleMapsM4B" */ = {
			isa = XCConfigurationList;
			buildConfigurations = (
				8A8C8F2125387A5800F5C247 /* Debug */,
				8A8C8F2225387A5800F5C247 /* Release */,
				8A66422625398783000E9321 /* Simulator Release */,
			);
			defaultConfigurationIsVisible = 0;
			defaultConfigurationName = Release;
		};
		8A8C8F3125387A7C00F5C247 /* Build configuration list for PBXNativeTarget "GooglePlaces" */ = {
			isa = XCConfigurationList;
			buildConfigurations = (
				8A8C8F3225387A7C00F5C247 /* Debug */,
				8A8C8F3325387A7C00F5C247 /* Release */,
				8A66422725398783000E9321 /* Simulator Release */,
			);
			defaultConfigurationIsVisible = 0;
			defaultConfigurationName = Release;
		};
/* End XCConfigurationList section */
	};
	rootObject = 8A8C8EE125387A0C00F5C247 /* Project object */;
}
